Microsoft Visual Studio Solution File, Format Version 12.00
# Visual Studio Version 16
VisualStudioVersion = 16.0.29519.181
MinimumVisualStudioVersion = 10.0.40219.1
Project("{2150E333-8FDC-42A3-9474-1A3956D46DE8}") = "Libraries", "Libraries", "{E4ACA93B-D3DE-4557-B069-F1DB42925A4B}"
EndProject
Project("{2150E333-8FDC-42A3-9474-1A3956D46DE8}") = "Presentation", "Presentation", "{B09156FB-8291-46A2-AF37-67CE97CFB5A6}"
EndProject
Project("{2150E333-8FDC-42A3-9474-1A3956D46DE8}") = "Tests", "Tests", "{A340B280-C12B-47E7-90B7-89C650F8AAFC}"
EndProject
Project("{2150E333-8FDC-42A3-9474-1A3956D46DE8}") = "Plugins", "Plugins", "{7881B112-7843-4542-B1F7-F99553FB9BB7}"
EndProject
Project("{9A19103F-16F7-4668-BE54-9A1E7A4F7556}") = "Nop.Web", "Presentation\Nop.Web\Nop.Web.csproj", "{4F1F649C-1020-45BE-A487-F416D9297FF3}"
EndProject
Project("{9A19103F-16F7-4668-BE54-9A1E7A4F7556}") = "Nop.Core", "Libraries\Nop.Core\Nop.Core.csproj", "{6BDA8332-939F-45B7-A25E-7A797260AE59}"
EndProject
Project("{9A19103F-16F7-4668-BE54-9A1E7A4F7556}") = "Nop.Data", "Libraries\Nop.Data\Nop.Data.csproj", "{CCD7F2C9-6A2C-4CF0-8E89-076B8FC0F144}"
EndProject
Project("{9A19103F-16F7-4668-BE54-9A1E7A4F7556}") = "Nop.Services", "Libraries\Nop.Services\Nop.Services.csproj", "{210541AD-F659-47DA-8763-16F36C5CD2F4}"
EndProject
Project("{9A19103F-16F7-4668-BE54-9A1E7A4F7556}") = "Nop.Services.Tests", "Tests\Nop.Services.Tests\Nop.Services.Tests.csproj", "{5DCBE5B1-1A02-48E7-9853-5FCEF2A36805}"
EndProject
Project("{9A19103F-16F7-4668-BE54-9A1E7A4F7556}") = "Nop.Core.Tests", "Tests\Nop.Core.Tests\Nop.Core.Tests.csproj", "{7A9BDC6A-F880-43D5-9B2A-59C1674CE449}"
EndProject
Project("{9A19103F-16F7-4668-BE54-9A1E7A4F7556}") = "Nop.Tests", "Tests\Nop.Tests\Nop.Tests.csproj", "{1D9EB579-3630-468A-BE94-49E7DF4F6E1D}"
EndProject
Project("{9A19103F-16F7-4668-BE54-9A1E7A4F7556}") = "Nop.Web.MVC.Tests", "Tests\Nop.Web.MVC.Tests\Nop.Web.MVC.Tests.csproj", "{57718244-1B22-4637-9DBF-F5D8E460FC95}"
EndProject
Project("{9A19103F-16F7-4668-BE54-9A1E7A4F7556}") = "Nop.Plugin.Payments.Manual", "Plugins\Nop.Plugin.Payments.Manual\Nop.Plugin.Payments.Manual.csproj", "{9A7B9344-6AD0-4828-876D-0BF14C177148}"
EndProject
Project("{9A19103F-16F7-4668-BE54-9A1E7A4F7556}") = "Nop.Web.Framework", "Presentation\Nop.Web.Framework\Nop.Web.Framework.csproj", "{75FD4163-333C-4DD5-854D-2EF294E45D94}"
EndProject
Project("{9A19103F-16F7-4668-BE54-9A1E7A4F7556}") = "Nop.Plugin.Shipping.UPS", "Plugins\Nop.Plugin.Shipping.UPS\Nop.Plugin.Shipping.UPS.csproj", "{98CA7487-6ADE-4773-BD0A-29255F443236}"
EndProject
Project("{9A19103F-16F7-4668-BE54-9A1E7A4F7556}") = "Nop.Plugin.Payments.CheckMoneyOrder", "Plugins\Nop.Plugin.Payments.CheckMoneyOrder\Nop.Plugin.Payments.CheckMoneyOrder.csproj", "{5422ED35-2808-4790-B5E6-C86A383B2874}"
EndProject
Project("{9A19103F-16F7-4668-BE54-9A1E7A4F7556}") = "Nop.Plugin.Payments.PayPalStandard", "Plugins\Nop.Plugin.Payments.PayPalStandard\Nop.Plugin.Payments.PayPalStandard.csproj", "{5979DBFD-8471-4DF5-A0FD-96F6768205AA}"
EndProject
Project("{9A19103F-16F7-4668-BE54-9A1E7A4F7556}") = "Nop.Plugin.Widgets.GoogleAnalytics", "Plugins\Nop.Plugin.Widgets.GoogleAnalytics\Nop.Plugin.Widgets.GoogleAnalytics.csproj", "{C2B83AF5-80F6-4B8C-8628-FA7DE10C3BB5}"
EndProject
Project("{9A19103F-16F7-4668-BE54-9A1E7A4F7556}") = "Nop.Plugin.ExternalAuth.Facebook", "Plugins\Nop.Plugin.ExternalAuth.Facebook\Nop.Plugin.ExternalAuth.Facebook.csproj", "{446FED73-BCA1-4D8F-BC13-EA1507C7EF29}"
EndProject
Project("{9A19103F-16F7-4668-BE54-9A1E7A4F7556}") = "Nop.Plugin.Widgets.NivoSlider", "Plugins\Nop.Plugin.Widgets.NivoSlider\Nop.Plugin.Widgets.NivoSlider.csproj", "{9978B382-0BCD-4621-B6B5-52E0E3B5F464}"
EndProject
Project("{9A19103F-16F7-4668-BE54-9A1E7A4F7556}") = "Nop.Plugin.ExchangeRate.EcbExchange", "Plugins\Nop.Plugin.ExchangeRate.EcbExchange\Nop.Plugin.ExchangeRate.EcbExchange.csproj", "{6DF00C56-EC49-4AB8-8B29-404E3694026C}"
EndProject
Project("{9A19103F-16F7-4668-BE54-9A1E7A4F7556}") = "Nop.Plugin.Pickup.PickupInStore", "Plugins\Nop.Plugin.Pickup.PickupInStore\Nop.Plugin.Pickup.PickupInStore.csproj", "{06C88D0B-A276-4D3D-8BE5-7C58BF3072E3}"
EndProject
Project("{9A19103F-16F7-4668-BE54-9A1E7A4F7556}") = "Nop.Plugin.Shipping.FixedByWeightByTotal", "Plugins\Nop.Plugin.Shipping.FixedByWeightByTotal\Nop.Plugin.Shipping.FixedByWeightByTotal.csproj", "{560768D4-7E1D-4431-99F0-CC14C255E167}"
EndProject
Project("{9A19103F-16F7-4668-BE54-9A1E7A4F7556}") = "Nop.Plugin.Tax.FixedOrByCountryStateZip", "Plugins\Nop.Plugin.Tax.FixedOrByCountryStateZip\Nop.Plugin.Tax.FixedOrByCountryStateZip.csproj", "{493761CB-5190-4283-8C6C-A8CEB5450CAB}"
EndProject
Project("{9A19103F-16F7-4668-BE54-9A1E7A4F7556}") = "Nop.Plugin.DiscountRules.CustomerRoles", "Plugins\Nop.Plugin.DiscountRules.CustomerRoles\Nop.Plugin.DiscountRules.CustomerRoles.csproj", "{4C0C889A-A3B2-43FA-824A-F529402C1BBF}"
EndProject
Project("{9A19103F-16F7-4668-BE54-9A1E7A4F7556}") = "Nop.Plugin.Misc.SendinBlue", "Plugins\Nop.Plugin.Misc.SendinBlue\Nop.Plugin.Misc.SendinBlue.csproj", "{7B08DACB-8E11-416D-9DDF-B0EEF847A8ED}"
EndProject
Project("{9A19103F-16F7-4668-BE54-9A1E7A4F7556}") = "Nop.Plugin.Tax.Avalara", "Plugins\Nop.Plugin.Tax.Avalara\Nop.Plugin.Tax.Avalara.csproj", "{2426B75D-23D4-41EF-8924-47650C8A18C7}"
EndProject
Project("{9A19103F-16F7-4668-BE54-9A1E7A4F7556}") = "Nop.Plugin.Shipping.ShipStation", "Plugins\Nop.Plugin.Shipping.ShipStation\Nop.Plugin.Shipping.ShipStation.csproj", "{83F05E8D-2D6C-41FC-A95C-9621ED358615}"
EndProject
Project("{9A19103F-16F7-4668-BE54-9A1E7A4F7556}") = "Nop.Plugin.Payments.PayPalSmartPaymentButtons", "Plugins\Nop.Plugin.Payments.PayPalSmartPaymentButtons\Nop.Plugin.Payments.PayPalSmartPaymentButtons.csproj", "{FAC5F9D0-2C2B-4296-B079-E723EA8A320C}"
EndProject
Project("{9A19103F-16F7-4668-BE54-9A1E7A4F7556}") = "Nop.Plugin.Widgets.FacebookPixel", "Plugins\Nop.Plugin.Widgets.FacebookPixel\Nop.Plugin.Widgets.FacebookPixel.csproj", "{87013DC8-D032-465B-A950-753E4EB15502}"
EndProject
Project("{9A19103F-16F7-4668-BE54-9A1E7A4F7556}") = "Nop.Plugin.Payments.AzulPaymentPage", "Plugins\Nop.Plugin.Payments.AzulPaymentPage\Nop.Plugin.Payments.AzulPaymentPage.csproj", "{FDA71DC9-087D-4A20-93F7-E9B016EFF792}"
EndProject
Project("{9A19103F-16F7-4668-BE54-9A1E7A4F7556}") = "Nop.Plugin.Payments.CardNet", "Plugins\Nop.Plugin.Payments.CardNet\Nop.Plugin.Payments.CardNet.csproj", "{D0614E07-4E8B-4831-A719-6F25FC3B899E}"
EndProject
Project("{9A19103F-16F7-4668-BE54-9A1E7A4F7556}") = "Nop.Plugin.Widgets.Calendar", "Plugins\Nop.Plugin.Widgets.Calendar\Nop.Plugin.Widgets.Calendar.csproj", "{01C037A3-1239-4281-810F-182F1042A6E5}"
EndProject
Project("{9A19103F-16F7-4668-BE54-9A1E7A4F7556}") = "Nop.Plugin.Synchronizers.SAPOrders", "Plugins\Nop.Plugin.Synchronizers.SAPOrders\Nop.Plugin.Synchronizers.SAPOrders.csproj", "{6DAB6D67-B517-4923-A5C2-2686E12EED2B}"
EndProject
Project("{9A19103F-16F7-4668-BE54-9A1E7A4F7556}") = "Nop.Plugin.Widgets.CustomHomePage", "Plugins\Nop.Plugin.Widgets.CustomHomePage\Nop.Plugin.Widgets.CustomHomePage.csproj", "{1662D2DD-20E4-4201-991B-5CFFBBEF369A}"
EndProject
Project("{9A19103F-16F7-4668-BE54-9A1E7A4F7556}") = "Nop.Plugin.Synchronizers.SAPCustomers", "Plugins\Nop.Plugin.Synchronizers.SAPCustomers\Nop.Plugin.Synchronizers.SAPCustomers.csproj", "{6D4E7BBA-730A-4AAA-A9DA-39CCD0F4B587}"
EndProject
Project("{9A19103F-16F7-4668-BE54-9A1E7A4F7556}") = "Nop.Plugin.Widgets.WhatsAppChat", "Plugins\Nop.Plugin.Widgets.WhatsAppChat\Nop.Plugin.Widgets.WhatsAppChat.csproj", "{6136E240-03DC-4034-BB5C-C15FF74712EC}"
EndProject
Project("{9A19103F-16F7-4668-BE54-9A1E7A4F7556}") = "Nop.Plugin.Misc.ImportProduct", "Plugins\Nop.Plugin.Misc.ImportProduct\Nop.Plugin.Misc.ImportProduct.csproj", "{323F142B-9809-440D-ADB1-1AC523F1E82C}"
EndProject
Project("{9A19103F-16F7-4668-BE54-9A1E7A4F7556}") = "Nop.Plugin.Synchronizers.SAPProducts", "Plugins\Nop.Plugin.Synchronizers.SAPProducts\Nop.Plugin.Synchronizers.SAPProducts.csproj", "{F4C79914-7EB1-4B28-9EDE-4B4B254A5847}"
EndProject
Project("{9A19103F-16F7-4668-BE54-9A1E7A4F7556}") = "Nop.Plugin.Synchronizers.ASAP", "Plugins\Nop.Plugin.Synchronizers.ASAP\Nop.Plugin.Synchronizers.ASAP.csproj", "{E46EDED5-A491-4DE5-B80E-AE900A6F44EF}"
EndProject
Project("{9A19103F-16F7-4668-BE54-9A1E7A4F7556}") = "Nop.Plugin.Payments.BAC", "Plugins\Nop.Plugin.Payments.BAC\Nop.Plugin.Payments.BAC.csproj", "{3BE01E67-A7BF-433A-AB52-B0DEB592BDBB}"
EndProject
Project("{9A19103F-16F7-4668-BE54-9A1E7A4F7556}") = "Nop.Plugin.Widgets.GoogleMapsIntegration", "Plugins\Nop.Plugin.Widgets.GoogleMapsIntegration\Nop.Plugin.Widgets.GoogleMapsIntegration.csproj", "{12FBA693-A7D9-4D82-A50E-FCCD211218C8}"
EndProject
Project("{9A19103F-16F7-4668-BE54-9A1E7A4F7556}") = "Nop.Plugin.Payments.Banrural", "Plugins\Nop.Plugin.Payments.Banrural\Nop.Plugin.Payments.Banrural.csproj", "{1869125B-0415-4F23-A004-49DE8140A5F4}"
EndProject
Project("{9A19103F-16F7-4668-BE54-9A1E7A4F7556}") = "Nop.Plugin.Widgets.CustomFieldsValidator", "Plugins\Nop.Plugin.Widgets.CustomFieldsValidator\Nop.Plugin.Widgets.CustomFieldsValidator.csproj", "{07F0C780-D74D-4B9C-9155-96938FCD5257}"
EndProject
Project("{9A19103F-16F7-4668-BE54-9A1E7A4F7556}") = "Nop.Plugin.Payments.CyberSource", "Plugins\Nop.Plugin.Payments.CyberSource\Nop.Plugin.Payments.CyberSource.csproj", "{A3A045E3-12DE-4C7B-A15D-602A25AC5F8A}"
EndProject
Project("{9A19103F-16F7-4668-BE54-9A1E7A4F7556}") = "Nop.Plugin.Api", "Plugins\Nop.Plugin.Api\Nop.Plugin.Api.csproj", "{181A78C0-AAF1-4588-B533-A9C6F78E4D73}"
EndProject
Project("{9A19103F-16F7-4668-BE54-9A1E7A4F7556}") = "Nop.Service.AppIPOSSync", "Plugins\Nop.Service.AppIPOSProductSync\Nop.Service.AppIPOSSync.csproj", "{97BE6F1A-9979-4DAF-828B-610B4BE4B80E}"
EndProject
Project("{9A19103F-16F7-4668-BE54-9A1E7A4F7556}") = "Nop.Plugin.Widgets.RegionsOnRegisterPage", "Plugins\Nop.Plugin.Widgets.RegionsOnRegisterPage\Nop.Plugin.Widgets.RegionsOnRegisterPage.csproj", "{C8141808-6336-46F7-B7A4-60D0767A3611}"
EndProject
Project("{9A19103F-16F7-4668-BE54-9A1E7A4F7556}") = "Nop.Plugin.Synchronizers.WAPIOrders", "Plugins\Nop.Plugin.Synchronizers.WAPIOrders\Nop.Plugin.Synchronizers.WAPIOrders.csproj", "{F0A9D072-AA2A-4458-B8B4-8264A1E6EB67}"
EndProject
Project("{9A19103F-16F7-4668-BE54-9A1E7A4F7556}") = "Nop.Plugin.Synchronizers.CommonERPTables", "Plugins\Nop.Plugin.Synchronizers.CommonERPTables\Nop.Plugin.Synchronizers.CommonERPTables.csproj", "{DF51D22E-11B4-48E2-BCAD-0CEA5F1BA0DE}"
EndProject
Project("{9A19103F-16F7-4668-BE54-9A1E7A4F7556}") = "Nop.Service.GrupoEstrellaSync", "Plugins\Nop.Service.GrupoEstrellaSync\Nop.Service.GrupoEstrellaSync.csproj", "{015A8E9C-2EB3-4D16-AD32-7C408D3E6C19}"
EndProject
Project("{9A19103F-16F7-4668-BE54-9A1E7A4F7556}") = "Nop.Plugin.Widgets.ProductAvailability", "Plugins\Nop.Plugin.Widgets.ProductAvailability\Nop.Plugin.Widgets.ProductAvailability.csproj", "{D4FC8503-007A-4AFA-B8EA-7810706D9DA7}"
EndProject
Project("{9A19103F-16F7-4668-BE54-9A1E7A4F7556}") = "Nop.Plugin.Misc.DeliveryAppIntegrationBackend", "Plugins\Nop.Plugin.Misc.DeliveryAppIntegrationBackend\Nop.Plugin.Misc.DeliveryAppIntegrationBackend.csproj", "{F3595F33-EE7D-4B72-BA4F-203008CAD532}"
EndProject
Project("{9A19103F-16F7-4668-BE54-9A1E7A4F7556}") = "Nop.Plugin.Widgets.WarehouseSchedule", "Plugins\Nop.Plugin.Widgets.WarehouseSchedule\Nop.Plugin.Widgets.WarehouseSchedule.csproj", "{37B51F0F-79E6-49A0-B5A9-F1E1902D1767}"
EndProject
Project("{9A19103F-16F7-4668-BE54-9A1E7A4F7556}") = "Nop.Plugin.Widgets.GoogleMapsIntegrationMultientrega", "Plugins\Nop.Plugin.Widgets.GoogleMapsIntegrationMultientrega\Nop.Plugin.Widgets.GoogleMapsIntegrationMultientrega.csproj", "{DB1243E3-7F19-446C-937F-04FFD4D766EE}"
EndProject
Project("{9A19103F-16F7-4668-BE54-9A1E7A4F7556}") = "Nop.Plugin.Widget.AutoAdvanceSearch", "Plugins\Nop.Plugin.Widget.AutoAdvanceSearch\Nop.Plugin.Widget.AutoAdvanceSearch.csproj", "{0EF74E75-C2F4-4C22-8799-A357BE4FED14}"
EndProject
Project("{9A19103F-16F7-4668-BE54-9A1E7A4F7556}") = "Nop.Plugin.Widgets.Zoom", "Plugins\Nop.Plugin.Widgets.Zoom\Nop.Plugin.Widgets.Zoom.csproj", "{36BA172E-4F46-4079-9397-8BCC6BB2D025}"
EndProject
Project("{9A19103F-16F7-4668-BE54-9A1E7A4F7556}") = "Nop.Plugin.DdpApi", "Plugins\Nop.Plugin.DdpApi\Nop.Plugin.DdpApi.csproj", "{EA6FCD2E-C140-4DD3-B7CF-B467C8E511C8}"
EndProject
Global
	GlobalSection(SolutionConfigurationPlatforms) = preSolution
		Debug|Any CPU = Debug|Any CPU
		Debug|Mixed Platforms = Debug|Mixed Platforms
		Debug|x86 = Debug|x86
		Release|Any CPU = Release|Any CPU
		Release|Mixed Platforms = Release|Mixed Platforms
		Release|x86 = Release|x86
	EndGlobalSection
	GlobalSection(ProjectConfigurationPlatforms) = postSolution
		{4F1F649C-1020-45BE-A487-F416D9297FF3}.Debug|Any CPU.ActiveCfg = Debug|Any CPU
		{4F1F649C-1020-45BE-A487-F416D9297FF3}.Debug|Any CPU.Build.0 = Debug|Any CPU
		{4F1F649C-1020-45BE-A487-F416D9297FF3}.Debug|Mixed Platforms.ActiveCfg = Debug|Any CPU
		{4F1F649C-1020-45BE-A487-F416D9297FF3}.Debug|Mixed Platforms.Build.0 = Debug|Any CPU
		{4F1F649C-1020-45BE-A487-F416D9297FF3}.Debug|x86.ActiveCfg = Debug|Any CPU
		{4F1F649C-1020-45BE-A487-F416D9297FF3}.Release|Any CPU.ActiveCfg = Release|Any CPU
		{4F1F649C-1020-45BE-A487-F416D9297FF3}.Release|Any CPU.Build.0 = Release|Any CPU
		{4F1F649C-1020-45BE-A487-F416D9297FF3}.Release|Mixed Platforms.ActiveCfg = Release|Any CPU
		{4F1F649C-1020-45BE-A487-F416D9297FF3}.Release|Mixed Platforms.Build.0 = Release|Any CPU
		{4F1F649C-1020-45BE-A487-F416D9297FF3}.Release|x86.ActiveCfg = Release|Any CPU
		{6BDA8332-939F-45B7-A25E-7A797260AE59}.Debug|Any CPU.ActiveCfg = Debug|Any CPU
		{6BDA8332-939F-45B7-A25E-7A797260AE59}.Debug|Any CPU.Build.0 = Debug|Any CPU
		{6BDA8332-939F-45B7-A25E-7A797260AE59}.Debug|Mixed Platforms.ActiveCfg = Debug|Any CPU
		{6BDA8332-939F-45B7-A25E-7A797260AE59}.Debug|Mixed Platforms.Build.0 = Debug|Any CPU
		{6BDA8332-939F-45B7-A25E-7A797260AE59}.Debug|x86.ActiveCfg = Debug|Any CPU
		{6BDA8332-939F-45B7-A25E-7A797260AE59}.Release|Any CPU.ActiveCfg = Release|Any CPU
		{6BDA8332-939F-45B7-A25E-7A797260AE59}.Release|Any CPU.Build.0 = Release|Any CPU
		{6BDA8332-939F-45B7-A25E-7A797260AE59}.Release|Mixed Platforms.ActiveCfg = Release|Any CPU
		{6BDA8332-939F-45B7-A25E-7A797260AE59}.Release|Mixed Platforms.Build.0 = Release|Any CPU
		{6BDA8332-939F-45B7-A25E-7A797260AE59}.Release|x86.ActiveCfg = Release|Any CPU
		{CCD7F2C9-6A2C-4CF0-8E89-076B8FC0F144}.Debug|Any CPU.ActiveCfg = Debug|Any CPU
		{CCD7F2C9-6A2C-4CF0-8E89-076B8FC0F144}.Debug|Any CPU.Build.0 = Debug|Any CPU
		{CCD7F2C9-6A2C-4CF0-8E89-076B8FC0F144}.Debug|Mixed Platforms.ActiveCfg = Debug|Any CPU
		{CCD7F2C9-6A2C-4CF0-8E89-076B8FC0F144}.Debug|Mixed Platforms.Build.0 = Debug|Any CPU
		{CCD7F2C9-6A2C-4CF0-8E89-076B8FC0F144}.Debug|x86.ActiveCfg = Debug|Any CPU
		{CCD7F2C9-6A2C-4CF0-8E89-076B8FC0F144}.Release|Any CPU.ActiveCfg = Release|Any CPU
		{CCD7F2C9-6A2C-4CF0-8E89-076B8FC0F144}.Release|Any CPU.Build.0 = Release|Any CPU
		{CCD7F2C9-6A2C-4CF0-8E89-076B8FC0F144}.Release|Mixed Platforms.ActiveCfg = Release|Any CPU
		{CCD7F2C9-6A2C-4CF0-8E89-076B8FC0F144}.Release|Mixed Platforms.Build.0 = Release|Any CPU
		{CCD7F2C9-6A2C-4CF0-8E89-076B8FC0F144}.Release|x86.ActiveCfg = Release|Any CPU
		{210541AD-F659-47DA-8763-16F36C5CD2F4}.Debug|Any CPU.ActiveCfg = Debug|Any CPU
		{210541AD-F659-47DA-8763-16F36C5CD2F4}.Debug|Any CPU.Build.0 = Debug|Any CPU
		{210541AD-F659-47DA-8763-16F36C5CD2F4}.Debug|Mixed Platforms.ActiveCfg = Debug|Any CPU
		{210541AD-F659-47DA-8763-16F36C5CD2F4}.Debug|Mixed Platforms.Build.0 = Debug|Any CPU
		{210541AD-F659-47DA-8763-16F36C5CD2F4}.Debug|x86.ActiveCfg = Debug|Any CPU
		{210541AD-F659-47DA-8763-16F36C5CD2F4}.Release|Any CPU.ActiveCfg = Release|Any CPU
		{210541AD-F659-47DA-8763-16F36C5CD2F4}.Release|Any CPU.Build.0 = Release|Any CPU
		{210541AD-F659-47DA-8763-16F36C5CD2F4}.Release|Mixed Platforms.ActiveCfg = Release|Any CPU
		{210541AD-F659-47DA-8763-16F36C5CD2F4}.Release|Mixed Platforms.Build.0 = Release|Any CPU
		{210541AD-F659-47DA-8763-16F36C5CD2F4}.Release|x86.ActiveCfg = Release|Any CPU
		{5DCBE5B1-1A02-48E7-9853-5FCEF2A36805}.Debug|Any CPU.ActiveCfg = Debug|Any CPU
		{5DCBE5B1-1A02-48E7-9853-5FCEF2A36805}.Debug|Any CPU.Build.0 = Debug|Any CPU
		{5DCBE5B1-1A02-48E7-9853-5FCEF2A36805}.Debug|Mixed Platforms.ActiveCfg = Debug|Any CPU
		{5DCBE5B1-1A02-48E7-9853-5FCEF2A36805}.Debug|Mixed Platforms.Build.0 = Debug|Any CPU
		{5DCBE5B1-1A02-48E7-9853-5FCEF2A36805}.Debug|x86.ActiveCfg = Debug|Any CPU
		{5DCBE5B1-1A02-48E7-9853-5FCEF2A36805}.Release|Any CPU.ActiveCfg = Release|Any CPU
		{5DCBE5B1-1A02-48E7-9853-5FCEF2A36805}.Release|Any CPU.Build.0 = Release|Any CPU
		{5DCBE5B1-1A02-48E7-9853-5FCEF2A36805}.Release|Mixed Platforms.ActiveCfg = Release|Any CPU
		{5DCBE5B1-1A02-48E7-9853-5FCEF2A36805}.Release|Mixed Platforms.Build.0 = Release|Any CPU
		{5DCBE5B1-1A02-48E7-9853-5FCEF2A36805}.Release|x86.ActiveCfg = Release|Any CPU
		{7A9BDC6A-F880-43D5-9B2A-59C1674CE449}.Debug|Any CPU.ActiveCfg = Debug|Any CPU
		{7A9BDC6A-F880-43D5-9B2A-59C1674CE449}.Debug|Any CPU.Build.0 = Debug|Any CPU
		{7A9BDC6A-F880-43D5-9B2A-59C1674CE449}.Debug|Mixed Platforms.ActiveCfg = Debug|Any CPU
		{7A9BDC6A-F880-43D5-9B2A-59C1674CE449}.Debug|Mixed Platforms.Build.0 = Debug|Any CPU
		{7A9BDC6A-F880-43D5-9B2A-59C1674CE449}.Debug|x86.ActiveCfg = Debug|Any CPU
		{7A9BDC6A-F880-43D5-9B2A-59C1674CE449}.Release|Any CPU.ActiveCfg = Release|Any CPU
		{7A9BDC6A-F880-43D5-9B2A-59C1674CE449}.Release|Any CPU.Build.0 = Release|Any CPU
		{7A9BDC6A-F880-43D5-9B2A-59C1674CE449}.Release|Mixed Platforms.ActiveCfg = Release|Any CPU
		{7A9BDC6A-F880-43D5-9B2A-59C1674CE449}.Release|Mixed Platforms.Build.0 = Release|Any CPU
		{7A9BDC6A-F880-43D5-9B2A-59C1674CE449}.Release|x86.ActiveCfg = Release|Any CPU
		{1D9EB579-3630-468A-BE94-49E7DF4F6E1D}.Debug|Any CPU.ActiveCfg = Debug|Any CPU
		{1D9EB579-3630-468A-BE94-49E7DF4F6E1D}.Debug|Any CPU.Build.0 = Debug|Any CPU
		{1D9EB579-3630-468A-BE94-49E7DF4F6E1D}.Debug|Mixed Platforms.ActiveCfg = Debug|Any CPU
		{1D9EB579-3630-468A-BE94-49E7DF4F6E1D}.Debug|Mixed Platforms.Build.0 = Debug|Any CPU
		{1D9EB579-3630-468A-BE94-49E7DF4F6E1D}.Debug|x86.ActiveCfg = Debug|Any CPU
		{1D9EB579-3630-468A-BE94-49E7DF4F6E1D}.Release|Any CPU.ActiveCfg = Release|Any CPU
		{1D9EB579-3630-468A-BE94-49E7DF4F6E1D}.Release|Any CPU.Build.0 = Release|Any CPU
		{1D9EB579-3630-468A-BE94-49E7DF4F6E1D}.Release|Mixed Platforms.ActiveCfg = Release|Any CPU
		{1D9EB579-3630-468A-BE94-49E7DF4F6E1D}.Release|Mixed Platforms.Build.0 = Release|Any CPU
		{1D9EB579-3630-468A-BE94-49E7DF4F6E1D}.Release|x86.ActiveCfg = Release|Any CPU
		{57718244-1B22-4637-9DBF-F5D8E460FC95}.Debug|Any CPU.ActiveCfg = Debug|Any CPU
		{57718244-1B22-4637-9DBF-F5D8E460FC95}.Debug|Any CPU.Build.0 = Debug|Any CPU
		{57718244-1B22-4637-9DBF-F5D8E460FC95}.Debug|Mixed Platforms.ActiveCfg = Debug|Any CPU
		{57718244-1B22-4637-9DBF-F5D8E460FC95}.Debug|Mixed Platforms.Build.0 = Debug|Any CPU
		{57718244-1B22-4637-9DBF-F5D8E460FC95}.Debug|x86.ActiveCfg = Debug|Any CPU
		{57718244-1B22-4637-9DBF-F5D8E460FC95}.Release|Any CPU.ActiveCfg = Release|Any CPU
		{57718244-1B22-4637-9DBF-F5D8E460FC95}.Release|Any CPU.Build.0 = Release|Any CPU
		{57718244-1B22-4637-9DBF-F5D8E460FC95}.Release|Mixed Platforms.ActiveCfg = Release|Any CPU
		{57718244-1B22-4637-9DBF-F5D8E460FC95}.Release|Mixed Platforms.Build.0 = Release|Any CPU
		{57718244-1B22-4637-9DBF-F5D8E460FC95}.Release|x86.ActiveCfg = Release|Any CPU
		{9A7B9344-6AD0-4828-876D-0BF14C177148}.Debug|Any CPU.ActiveCfg = Debug|Any CPU
		{9A7B9344-6AD0-4828-876D-0BF14C177148}.Debug|Any CPU.Build.0 = Debug|Any CPU
		{9A7B9344-6AD0-4828-876D-0BF14C177148}.Debug|Mixed Platforms.ActiveCfg = Debug|Any CPU
		{9A7B9344-6AD0-4828-876D-0BF14C177148}.Debug|Mixed Platforms.Build.0 = Debug|Any CPU
		{9A7B9344-6AD0-4828-876D-0BF14C177148}.Debug|x86.ActiveCfg = Debug|Any CPU
		{9A7B9344-6AD0-4828-876D-0BF14C177148}.Release|Any CPU.ActiveCfg = Release|Any CPU
		{9A7B9344-6AD0-4828-876D-0BF14C177148}.Release|Any CPU.Build.0 = Release|Any CPU
		{9A7B9344-6AD0-4828-876D-0BF14C177148}.Release|Mixed Platforms.ActiveCfg = Release|Any CPU
		{9A7B9344-6AD0-4828-876D-0BF14C177148}.Release|Mixed Platforms.Build.0 = Release|Any CPU
		{9A7B9344-6AD0-4828-876D-0BF14C177148}.Release|x86.ActiveCfg = Release|Any CPU
		{75FD4163-333C-4DD5-854D-2EF294E45D94}.Debug|Any CPU.ActiveCfg = Debug|Any CPU
		{75FD4163-333C-4DD5-854D-2EF294E45D94}.Debug|Any CPU.Build.0 = Debug|Any CPU
		{75FD4163-333C-4DD5-854D-2EF294E45D94}.Debug|Mixed Platforms.ActiveCfg = Debug|Any CPU
		{75FD4163-333C-4DD5-854D-2EF294E45D94}.Debug|Mixed Platforms.Build.0 = Debug|Any CPU
		{75FD4163-333C-4DD5-854D-2EF294E45D94}.Debug|x86.ActiveCfg = Debug|Any CPU
		{75FD4163-333C-4DD5-854D-2EF294E45D94}.Release|Any CPU.ActiveCfg = Release|Any CPU
		{75FD4163-333C-4DD5-854D-2EF294E45D94}.Release|Any CPU.Build.0 = Release|Any CPU
		{75FD4163-333C-4DD5-854D-2EF294E45D94}.Release|Mixed Platforms.ActiveCfg = Release|Any CPU
		{75FD4163-333C-4DD5-854D-2EF294E45D94}.Release|Mixed Platforms.Build.0 = Release|Any CPU
		{75FD4163-333C-4DD5-854D-2EF294E45D94}.Release|x86.ActiveCfg = Release|Any CPU
		{98CA7487-6ADE-4773-BD0A-29255F443236}.Debug|Any CPU.ActiveCfg = Debug|Any CPU
		{98CA7487-6ADE-4773-BD0A-29255F443236}.Debug|Any CPU.Build.0 = Debug|Any CPU
		{98CA7487-6ADE-4773-BD0A-29255F443236}.Debug|Mixed Platforms.ActiveCfg = Debug|Any CPU
		{98CA7487-6ADE-4773-BD0A-29255F443236}.Debug|Mixed Platforms.Build.0 = Debug|Any CPU
		{98CA7487-6ADE-4773-BD0A-29255F443236}.Debug|x86.ActiveCfg = Debug|Any CPU
		{98CA7487-6ADE-4773-BD0A-29255F443236}.Release|Any CPU.ActiveCfg = Release|Any CPU
		{98CA7487-6ADE-4773-BD0A-29255F443236}.Release|Any CPU.Build.0 = Release|Any CPU
		{98CA7487-6ADE-4773-BD0A-29255F443236}.Release|Mixed Platforms.ActiveCfg = Release|Any CPU
		{98CA7487-6ADE-4773-BD0A-29255F443236}.Release|Mixed Platforms.Build.0 = Release|Any CPU
		{98CA7487-6ADE-4773-BD0A-29255F443236}.Release|x86.ActiveCfg = Release|Any CPU
		{5422ED35-2808-4790-B5E6-C86A383B2874}.Debug|Any CPU.ActiveCfg = Debug|Any CPU
		{5422ED35-2808-4790-B5E6-C86A383B2874}.Debug|Any CPU.Build.0 = Debug|Any CPU
		{5422ED35-2808-4790-B5E6-C86A383B2874}.Debug|Mixed Platforms.ActiveCfg = Debug|Any CPU
		{5422ED35-2808-4790-B5E6-C86A383B2874}.Debug|Mixed Platforms.Build.0 = Debug|Any CPU
		{5422ED35-2808-4790-B5E6-C86A383B2874}.Debug|x86.ActiveCfg = Debug|Any CPU
		{5422ED35-2808-4790-B5E6-C86A383B2874}.Release|Any CPU.ActiveCfg = Release|Any CPU
		{5422ED35-2808-4790-B5E6-C86A383B2874}.Release|Any CPU.Build.0 = Release|Any CPU
		{5422ED35-2808-4790-B5E6-C86A383B2874}.Release|Mixed Platforms.ActiveCfg = Release|Any CPU
		{5422ED35-2808-4790-B5E6-C86A383B2874}.Release|Mixed Platforms.Build.0 = Release|Any CPU
		{5422ED35-2808-4790-B5E6-C86A383B2874}.Release|x86.ActiveCfg = Release|Any CPU
		{5979DBFD-8471-4DF5-A0FD-96F6768205AA}.Debug|Any CPU.ActiveCfg = Debug|Any CPU
		{5979DBFD-8471-4DF5-A0FD-96F6768205AA}.Debug|Any CPU.Build.0 = Debug|Any CPU
		{5979DBFD-8471-4DF5-A0FD-96F6768205AA}.Debug|Mixed Platforms.ActiveCfg = Debug|Any CPU
		{5979DBFD-8471-4DF5-A0FD-96F6768205AA}.Debug|Mixed Platforms.Build.0 = Debug|Any CPU
		{5979DBFD-8471-4DF5-A0FD-96F6768205AA}.Debug|x86.ActiveCfg = Debug|Any CPU
		{5979DBFD-8471-4DF5-A0FD-96F6768205AA}.Release|Any CPU.ActiveCfg = Release|Any CPU
		{5979DBFD-8471-4DF5-A0FD-96F6768205AA}.Release|Any CPU.Build.0 = Release|Any CPU
		{5979DBFD-8471-4DF5-A0FD-96F6768205AA}.Release|Mixed Platforms.ActiveCfg = Release|Any CPU
		{5979DBFD-8471-4DF5-A0FD-96F6768205AA}.Release|Mixed Platforms.Build.0 = Release|Any CPU
		{5979DBFD-8471-4DF5-A0FD-96F6768205AA}.Release|x86.ActiveCfg = Release|Any CPU
		{C2B83AF5-80F6-4B8C-8628-FA7DE10C3BB5}.Debug|Any CPU.ActiveCfg = Debug|Any CPU
		{C2B83AF5-80F6-4B8C-8628-FA7DE10C3BB5}.Debug|Any CPU.Build.0 = Debug|Any CPU
		{C2B83AF5-80F6-4B8C-8628-FA7DE10C3BB5}.Debug|Mixed Platforms.ActiveCfg = Debug|Any CPU
		{C2B83AF5-80F6-4B8C-8628-FA7DE10C3BB5}.Debug|Mixed Platforms.Build.0 = Debug|Any CPU
		{C2B83AF5-80F6-4B8C-8628-FA7DE10C3BB5}.Debug|x86.ActiveCfg = Debug|Any CPU
		{C2B83AF5-80F6-4B8C-8628-FA7DE10C3BB5}.Release|Any CPU.ActiveCfg = Release|Any CPU
		{C2B83AF5-80F6-4B8C-8628-FA7DE10C3BB5}.Release|Any CPU.Build.0 = Release|Any CPU
		{C2B83AF5-80F6-4B8C-8628-FA7DE10C3BB5}.Release|Mixed Platforms.ActiveCfg = Release|Any CPU
		{C2B83AF5-80F6-4B8C-8628-FA7DE10C3BB5}.Release|Mixed Platforms.Build.0 = Release|Any CPU
		{C2B83AF5-80F6-4B8C-8628-FA7DE10C3BB5}.Release|x86.ActiveCfg = Release|Any CPU
		{446FED73-BCA1-4D8F-BC13-EA1507C7EF29}.Debug|Any CPU.ActiveCfg = Debug|Any CPU
		{446FED73-BCA1-4D8F-BC13-EA1507C7EF29}.Debug|Any CPU.Build.0 = Debug|Any CPU
		{446FED73-BCA1-4D8F-BC13-EA1507C7EF29}.Debug|Mixed Platforms.ActiveCfg = Debug|Any CPU
		{446FED73-BCA1-4D8F-BC13-EA1507C7EF29}.Debug|Mixed Platforms.Build.0 = Debug|Any CPU
		{446FED73-BCA1-4D8F-BC13-EA1507C7EF29}.Debug|x86.ActiveCfg = Debug|Any CPU
		{446FED73-BCA1-4D8F-BC13-EA1507C7EF29}.Release|Any CPU.ActiveCfg = Release|Any CPU
		{446FED73-BCA1-4D8F-BC13-EA1507C7EF29}.Release|Any CPU.Build.0 = Release|Any CPU
		{446FED73-BCA1-4D8F-BC13-EA1507C7EF29}.Release|Mixed Platforms.ActiveCfg = Release|Any CPU
		{446FED73-BCA1-4D8F-BC13-EA1507C7EF29}.Release|Mixed Platforms.Build.0 = Release|Any CPU
		{446FED73-BCA1-4D8F-BC13-EA1507C7EF29}.Release|x86.ActiveCfg = Release|Any CPU
		{9978B382-0BCD-4621-B6B5-52E0E3B5F464}.Debug|Any CPU.ActiveCfg = Debug|Any CPU
		{9978B382-0BCD-4621-B6B5-52E0E3B5F464}.Debug|Any CPU.Build.0 = Debug|Any CPU
		{9978B382-0BCD-4621-B6B5-52E0E3B5F464}.Debug|Mixed Platforms.ActiveCfg = Debug|Any CPU
		{9978B382-0BCD-4621-B6B5-52E0E3B5F464}.Debug|Mixed Platforms.Build.0 = Debug|Any CPU
		{9978B382-0BCD-4621-B6B5-52E0E3B5F464}.Debug|x86.ActiveCfg = Debug|Any CPU
		{9978B382-0BCD-4621-B6B5-52E0E3B5F464}.Release|Any CPU.ActiveCfg = Release|Any CPU
		{9978B382-0BCD-4621-B6B5-52E0E3B5F464}.Release|Any CPU.Build.0 = Release|Any CPU
		{9978B382-0BCD-4621-B6B5-52E0E3B5F464}.Release|Mixed Platforms.ActiveCfg = Release|Any CPU
		{9978B382-0BCD-4621-B6B5-52E0E3B5F464}.Release|Mixed Platforms.Build.0 = Release|Any CPU
		{9978B382-0BCD-4621-B6B5-52E0E3B5F464}.Release|x86.ActiveCfg = Release|Any CPU
		{6DF00C56-EC49-4AB8-8B29-404E3694026C}.Debug|Any CPU.ActiveCfg = Debug|Any CPU
		{6DF00C56-EC49-4AB8-8B29-404E3694026C}.Debug|Any CPU.Build.0 = Debug|Any CPU
		{6DF00C56-EC49-4AB8-8B29-404E3694026C}.Debug|Mixed Platforms.ActiveCfg = Debug|Any CPU
		{6DF00C56-EC49-4AB8-8B29-404E3694026C}.Debug|Mixed Platforms.Build.0 = Debug|Any CPU
		{6DF00C56-EC49-4AB8-8B29-404E3694026C}.Debug|x86.ActiveCfg = Debug|Any CPU
		{6DF00C56-EC49-4AB8-8B29-404E3694026C}.Debug|x86.Build.0 = Debug|Any CPU
		{6DF00C56-EC49-4AB8-8B29-404E3694026C}.Release|Any CPU.ActiveCfg = Release|Any CPU
		{6DF00C56-EC49-4AB8-8B29-404E3694026C}.Release|Any CPU.Build.0 = Release|Any CPU
		{6DF00C56-EC49-4AB8-8B29-404E3694026C}.Release|Mixed Platforms.ActiveCfg = Release|Any CPU
		{6DF00C56-EC49-4AB8-8B29-404E3694026C}.Release|Mixed Platforms.Build.0 = Release|Any CPU
		{6DF00C56-EC49-4AB8-8B29-404E3694026C}.Release|x86.ActiveCfg = Release|Any CPU
		{6DF00C56-EC49-4AB8-8B29-404E3694026C}.Release|x86.Build.0 = Release|Any CPU
		{06C88D0B-A276-4D3D-8BE5-7C58BF3072E3}.Debug|Any CPU.ActiveCfg = Debug|Any CPU
		{06C88D0B-A276-4D3D-8BE5-7C58BF3072E3}.Debug|Any CPU.Build.0 = Debug|Any CPU
		{06C88D0B-A276-4D3D-8BE5-7C58BF3072E3}.Debug|Mixed Platforms.ActiveCfg = Debug|Any CPU
		{06C88D0B-A276-4D3D-8BE5-7C58BF3072E3}.Debug|Mixed Platforms.Build.0 = Debug|Any CPU
		{06C88D0B-A276-4D3D-8BE5-7C58BF3072E3}.Debug|x86.ActiveCfg = Debug|Any CPU
		{06C88D0B-A276-4D3D-8BE5-7C58BF3072E3}.Debug|x86.Build.0 = Debug|Any CPU
		{06C88D0B-A276-4D3D-8BE5-7C58BF3072E3}.Release|Any CPU.ActiveCfg = Release|Any CPU
		{06C88D0B-A276-4D3D-8BE5-7C58BF3072E3}.Release|Any CPU.Build.0 = Release|Any CPU
		{06C88D0B-A276-4D3D-8BE5-7C58BF3072E3}.Release|Mixed Platforms.ActiveCfg = Release|Any CPU
		{06C88D0B-A276-4D3D-8BE5-7C58BF3072E3}.Release|Mixed Platforms.Build.0 = Release|Any CPU
		{06C88D0B-A276-4D3D-8BE5-7C58BF3072E3}.Release|x86.ActiveCfg = Release|Any CPU
		{06C88D0B-A276-4D3D-8BE5-7C58BF3072E3}.Release|x86.Build.0 = Release|Any CPU
		{560768D4-7E1D-4431-99F0-CC14C255E167}.Debug|Any CPU.ActiveCfg = Debug|Any CPU
		{560768D4-7E1D-4431-99F0-CC14C255E167}.Debug|Any CPU.Build.0 = Debug|Any CPU
		{560768D4-7E1D-4431-99F0-CC14C255E167}.Debug|Mixed Platforms.ActiveCfg = Debug|Any CPU
		{560768D4-7E1D-4431-99F0-CC14C255E167}.Debug|Mixed Platforms.Build.0 = Debug|Any CPU
		{560768D4-7E1D-4431-99F0-CC14C255E167}.Debug|x86.ActiveCfg = Debug|Any CPU
		{560768D4-7E1D-4431-99F0-CC14C255E167}.Debug|x86.Build.0 = Debug|Any CPU
		{560768D4-7E1D-4431-99F0-CC14C255E167}.Release|Any CPU.ActiveCfg = Release|Any CPU
		{560768D4-7E1D-4431-99F0-CC14C255E167}.Release|Any CPU.Build.0 = Release|Any CPU
		{560768D4-7E1D-4431-99F0-CC14C255E167}.Release|Mixed Platforms.ActiveCfg = Release|Any CPU
		{560768D4-7E1D-4431-99F0-CC14C255E167}.Release|Mixed Platforms.Build.0 = Release|Any CPU
		{560768D4-7E1D-4431-99F0-CC14C255E167}.Release|x86.ActiveCfg = Release|Any CPU
		{560768D4-7E1D-4431-99F0-CC14C255E167}.Release|x86.Build.0 = Release|Any CPU
		{493761CB-5190-4283-8C6C-A8CEB5450CAB}.Debug|Any CPU.ActiveCfg = Debug|Any CPU
		{493761CB-5190-4283-8C6C-A8CEB5450CAB}.Debug|Any CPU.Build.0 = Debug|Any CPU
		{493761CB-5190-4283-8C6C-A8CEB5450CAB}.Debug|Mixed Platforms.ActiveCfg = Debug|Any CPU
		{493761CB-5190-4283-8C6C-A8CEB5450CAB}.Debug|Mixed Platforms.Build.0 = Debug|Any CPU
		{493761CB-5190-4283-8C6C-A8CEB5450CAB}.Debug|x86.ActiveCfg = Debug|Any CPU
		{493761CB-5190-4283-8C6C-A8CEB5450CAB}.Debug|x86.Build.0 = Debug|Any CPU
		{493761CB-5190-4283-8C6C-A8CEB5450CAB}.Release|Any CPU.ActiveCfg = Release|Any CPU
		{493761CB-5190-4283-8C6C-A8CEB5450CAB}.Release|Any CPU.Build.0 = Release|Any CPU
		{493761CB-5190-4283-8C6C-A8CEB5450CAB}.Release|Mixed Platforms.ActiveCfg = Release|Any CPU
		{493761CB-5190-4283-8C6C-A8CEB5450CAB}.Release|Mixed Platforms.Build.0 = Release|Any CPU
		{493761CB-5190-4283-8C6C-A8CEB5450CAB}.Release|x86.ActiveCfg = Release|Any CPU
		{493761CB-5190-4283-8C6C-A8CEB5450CAB}.Release|x86.Build.0 = Release|Any CPU
		{4C0C889A-A3B2-43FA-824A-F529402C1BBF}.Debug|Any CPU.ActiveCfg = Debug|Any CPU
		{4C0C889A-A3B2-43FA-824A-F529402C1BBF}.Debug|Any CPU.Build.0 = Debug|Any CPU
		{4C0C889A-A3B2-43FA-824A-F529402C1BBF}.Debug|Mixed Platforms.ActiveCfg = Debug|Any CPU
		{4C0C889A-A3B2-43FA-824A-F529402C1BBF}.Debug|Mixed Platforms.Build.0 = Debug|Any CPU
		{4C0C889A-A3B2-43FA-824A-F529402C1BBF}.Debug|x86.ActiveCfg = Debug|Any CPU
		{4C0C889A-A3B2-43FA-824A-F529402C1BBF}.Debug|x86.Build.0 = Debug|Any CPU
		{4C0C889A-A3B2-43FA-824A-F529402C1BBF}.Release|Any CPU.ActiveCfg = Release|Any CPU
		{4C0C889A-A3B2-43FA-824A-F529402C1BBF}.Release|Any CPU.Build.0 = Release|Any CPU
		{4C0C889A-A3B2-43FA-824A-F529402C1BBF}.Release|Mixed Platforms.ActiveCfg = Release|Any CPU
		{4C0C889A-A3B2-43FA-824A-F529402C1BBF}.Release|Mixed Platforms.Build.0 = Release|Any CPU
		{4C0C889A-A3B2-43FA-824A-F529402C1BBF}.Release|x86.ActiveCfg = Release|Any CPU
		{4C0C889A-A3B2-43FA-824A-F529402C1BBF}.Release|x86.Build.0 = Release|Any CPU
		{7B08DACB-8E11-416D-9DDF-B0EEF847A8ED}.Debug|Any CPU.ActiveCfg = Debug|Any CPU
		{7B08DACB-8E11-416D-9DDF-B0EEF847A8ED}.Debug|Any CPU.Build.0 = Debug|Any CPU
		{7B08DACB-8E11-416D-9DDF-B0EEF847A8ED}.Debug|Mixed Platforms.ActiveCfg = Debug|Any CPU
		{7B08DACB-8E11-416D-9DDF-B0EEF847A8ED}.Debug|Mixed Platforms.Build.0 = Debug|Any CPU
		{7B08DACB-8E11-416D-9DDF-B0EEF847A8ED}.Debug|x86.ActiveCfg = Debug|Any CPU
		{7B08DACB-8E11-416D-9DDF-B0EEF847A8ED}.Debug|x86.Build.0 = Debug|Any CPU
		{7B08DACB-8E11-416D-9DDF-B0EEF847A8ED}.Release|Any CPU.ActiveCfg = Release|Any CPU
		{7B08DACB-8E11-416D-9DDF-B0EEF847A8ED}.Release|Any CPU.Build.0 = Release|Any CPU
		{7B08DACB-8E11-416D-9DDF-B0EEF847A8ED}.Release|Mixed Platforms.ActiveCfg = Release|Any CPU
		{7B08DACB-8E11-416D-9DDF-B0EEF847A8ED}.Release|Mixed Platforms.Build.0 = Release|Any CPU
		{7B08DACB-8E11-416D-9DDF-B0EEF847A8ED}.Release|x86.ActiveCfg = Release|Any CPU
		{7B08DACB-8E11-416D-9DDF-B0EEF847A8ED}.Release|x86.Build.0 = Release|Any CPU
		{2426B75D-23D4-41EF-8924-47650C8A18C7}.Debug|Any CPU.ActiveCfg = Debug|Any CPU
		{2426B75D-23D4-41EF-8924-47650C8A18C7}.Debug|Any CPU.Build.0 = Debug|Any CPU
		{2426B75D-23D4-41EF-8924-47650C8A18C7}.Debug|Mixed Platforms.ActiveCfg = Debug|Any CPU
		{2426B75D-23D4-41EF-8924-47650C8A18C7}.Debug|Mixed Platforms.Build.0 = Debug|Any CPU
		{2426B75D-23D4-41EF-8924-47650C8A18C7}.Debug|x86.ActiveCfg = Debug|Any CPU
		{2426B75D-23D4-41EF-8924-47650C8A18C7}.Debug|x86.Build.0 = Debug|Any CPU
		{2426B75D-23D4-41EF-8924-47650C8A18C7}.Release|Any CPU.ActiveCfg = Release|Any CPU
		{2426B75D-23D4-41EF-8924-47650C8A18C7}.Release|Any CPU.Build.0 = Release|Any CPU
		{2426B75D-23D4-41EF-8924-47650C8A18C7}.Release|Mixed Platforms.ActiveCfg = Release|Any CPU
		{2426B75D-23D4-41EF-8924-47650C8A18C7}.Release|Mixed Platforms.Build.0 = Release|Any CPU
		{2426B75D-23D4-41EF-8924-47650C8A18C7}.Release|x86.ActiveCfg = Release|Any CPU
		{2426B75D-23D4-41EF-8924-47650C8A18C7}.Release|x86.Build.0 = Release|Any CPU
		{83F05E8D-2D6C-41FC-A95C-9621ED358615}.Debug|Any CPU.ActiveCfg = Debug|Any CPU
		{83F05E8D-2D6C-41FC-A95C-9621ED358615}.Debug|Any CPU.Build.0 = Debug|Any CPU
		{83F05E8D-2D6C-41FC-A95C-9621ED358615}.Debug|Mixed Platforms.ActiveCfg = Debug|Any CPU
		{83F05E8D-2D6C-41FC-A95C-9621ED358615}.Debug|Mixed Platforms.Build.0 = Debug|Any CPU
		{83F05E8D-2D6C-41FC-A95C-9621ED358615}.Debug|x86.ActiveCfg = Debug|Any CPU
		{83F05E8D-2D6C-41FC-A95C-9621ED358615}.Debug|x86.Build.0 = Debug|Any CPU
		{83F05E8D-2D6C-41FC-A95C-9621ED358615}.Release|Any CPU.ActiveCfg = Release|Any CPU
		{83F05E8D-2D6C-41FC-A95C-9621ED358615}.Release|Any CPU.Build.0 = Release|Any CPU
		{83F05E8D-2D6C-41FC-A95C-9621ED358615}.Release|Mixed Platforms.ActiveCfg = Release|Any CPU
		{83F05E8D-2D6C-41FC-A95C-9621ED358615}.Release|Mixed Platforms.Build.0 = Release|Any CPU
		{83F05E8D-2D6C-41FC-A95C-9621ED358615}.Release|x86.ActiveCfg = Release|Any CPU
		{83F05E8D-2D6C-41FC-A95C-9621ED358615}.Release|x86.Build.0 = Release|Any CPU
		{FAC5F9D0-2C2B-4296-B079-E723EA8A320C}.Debug|Any CPU.ActiveCfg = Debug|Any CPU
		{FAC5F9D0-2C2B-4296-B079-E723EA8A320C}.Debug|Any CPU.Build.0 = Debug|Any CPU
		{FAC5F9D0-2C2B-4296-B079-E723EA8A320C}.Debug|Mixed Platforms.ActiveCfg = Debug|Any CPU
		{FAC5F9D0-2C2B-4296-B079-E723EA8A320C}.Debug|Mixed Platforms.Build.0 = Debug|Any CPU
		{FAC5F9D0-2C2B-4296-B079-E723EA8A320C}.Debug|x86.ActiveCfg = Debug|Any CPU
		{FAC5F9D0-2C2B-4296-B079-E723EA8A320C}.Debug|x86.Build.0 = Debug|Any CPU
		{FAC5F9D0-2C2B-4296-B079-E723EA8A320C}.Release|Any CPU.ActiveCfg = Release|Any CPU
		{FAC5F9D0-2C2B-4296-B079-E723EA8A320C}.Release|Any CPU.Build.0 = Release|Any CPU
		{FAC5F9D0-2C2B-4296-B079-E723EA8A320C}.Release|Mixed Platforms.ActiveCfg = Release|Any CPU
		{FAC5F9D0-2C2B-4296-B079-E723EA8A320C}.Release|Mixed Platforms.Build.0 = Release|Any CPU
		{FAC5F9D0-2C2B-4296-B079-E723EA8A320C}.Release|x86.ActiveCfg = Release|Any CPU
		{FAC5F9D0-2C2B-4296-B079-E723EA8A320C}.Release|x86.Build.0 = Release|Any CPU
		{87013DC8-D032-465B-A950-753E4EB15502}.Debug|Any CPU.ActiveCfg = Debug|Any CPU
		{87013DC8-D032-465B-A950-753E4EB15502}.Debug|Any CPU.Build.0 = Debug|Any CPU
		{87013DC8-D032-465B-A950-753E4EB15502}.Debug|Mixed Platforms.ActiveCfg = Debug|Any CPU
		{87013DC8-D032-465B-A950-753E4EB15502}.Debug|Mixed Platforms.Build.0 = Debug|Any CPU
		{87013DC8-D032-465B-A950-753E4EB15502}.Debug|x86.ActiveCfg = Debug|Any CPU
		{87013DC8-D032-465B-A950-753E4EB15502}.Debug|x86.Build.0 = Debug|Any CPU
		{87013DC8-D032-465B-A950-753E4EB15502}.Release|Any CPU.ActiveCfg = Release|Any CPU
		{87013DC8-D032-465B-A950-753E4EB15502}.Release|Any CPU.Build.0 = Release|Any CPU
		{87013DC8-D032-465B-A950-753E4EB15502}.Release|Mixed Platforms.ActiveCfg = Release|Any CPU
		{87013DC8-D032-465B-A950-753E4EB15502}.Release|Mixed Platforms.Build.0 = Release|Any CPU
		{87013DC8-D032-465B-A950-753E4EB15502}.Release|x86.ActiveCfg = Release|Any CPU
		{87013DC8-D032-465B-A950-753E4EB15502}.Release|x86.Build.0 = Release|Any CPU
		{FDA71DC9-087D-4A20-93F7-E9B016EFF792}.Debug|Any CPU.ActiveCfg = Debug|Any CPU
		{FDA71DC9-087D-4A20-93F7-E9B016EFF792}.Debug|Any CPU.Build.0 = Debug|Any CPU
		{FDA71DC9-087D-4A20-93F7-E9B016EFF792}.Debug|Mixed Platforms.ActiveCfg = Debug|Any CPU
		{FDA71DC9-087D-4A20-93F7-E9B016EFF792}.Debug|Mixed Platforms.Build.0 = Debug|Any CPU
		{FDA71DC9-087D-4A20-93F7-E9B016EFF792}.Debug|x86.ActiveCfg = Debug|Any CPU
		{FDA71DC9-087D-4A20-93F7-E9B016EFF792}.Debug|x86.Build.0 = Debug|Any CPU
		{FDA71DC9-087D-4A20-93F7-E9B016EFF792}.Release|Any CPU.ActiveCfg = Release|Any CPU
		{FDA71DC9-087D-4A20-93F7-E9B016EFF792}.Release|Any CPU.Build.0 = Release|Any CPU
		{FDA71DC9-087D-4A20-93F7-E9B016EFF792}.Release|Mixed Platforms.ActiveCfg = Release|Any CPU
		{FDA71DC9-087D-4A20-93F7-E9B016EFF792}.Release|Mixed Platforms.Build.0 = Release|Any CPU
		{FDA71DC9-087D-4A20-93F7-E9B016EFF792}.Release|x86.ActiveCfg = Release|Any CPU
		{FDA71DC9-087D-4A20-93F7-E9B016EFF792}.Release|x86.Build.0 = Release|Any CPU
		{D0614E07-4E8B-4831-A719-6F25FC3B899E}.Debug|Any CPU.ActiveCfg = Debug|Any CPU
		{D0614E07-4E8B-4831-A719-6F25FC3B899E}.Debug|Any CPU.Build.0 = Debug|Any CPU
		{D0614E07-4E8B-4831-A719-6F25FC3B899E}.Debug|Mixed Platforms.ActiveCfg = Debug|Any CPU
		{D0614E07-4E8B-4831-A719-6F25FC3B899E}.Debug|Mixed Platforms.Build.0 = Debug|Any CPU
		{D0614E07-4E8B-4831-A719-6F25FC3B899E}.Debug|x86.ActiveCfg = Debug|Any CPU
		{D0614E07-4E8B-4831-A719-6F25FC3B899E}.Debug|x86.Build.0 = Debug|Any CPU
		{D0614E07-4E8B-4831-A719-6F25FC3B899E}.Release|Any CPU.ActiveCfg = Release|Any CPU
		{D0614E07-4E8B-4831-A719-6F25FC3B899E}.Release|Any CPU.Build.0 = Release|Any CPU
		{D0614E07-4E8B-4831-A719-6F25FC3B899E}.Release|Mixed Platforms.ActiveCfg = Release|Any CPU
		{D0614E07-4E8B-4831-A719-6F25FC3B899E}.Release|Mixed Platforms.Build.0 = Release|Any CPU
		{D0614E07-4E8B-4831-A719-6F25FC3B899E}.Release|x86.ActiveCfg = Release|Any CPU
		{D0614E07-4E8B-4831-A719-6F25FC3B899E}.Release|x86.Build.0 = Release|Any CPU
		{01C037A3-1239-4281-810F-182F1042A6E5}.Debug|Any CPU.ActiveCfg = Debug|Any CPU
		{01C037A3-1239-4281-810F-182F1042A6E5}.Debug|Any CPU.Build.0 = Debug|Any CPU
		{01C037A3-1239-4281-810F-182F1042A6E5}.Debug|Mixed Platforms.ActiveCfg = Debug|Any CPU
		{01C037A3-1239-4281-810F-182F1042A6E5}.Debug|Mixed Platforms.Build.0 = Debug|Any CPU
		{01C037A3-1239-4281-810F-182F1042A6E5}.Debug|x86.ActiveCfg = Debug|Any CPU
		{01C037A3-1239-4281-810F-182F1042A6E5}.Debug|x86.Build.0 = Debug|Any CPU
		{01C037A3-1239-4281-810F-182F1042A6E5}.Release|Any CPU.ActiveCfg = Release|Any CPU
		{01C037A3-1239-4281-810F-182F1042A6E5}.Release|Any CPU.Build.0 = Release|Any CPU
		{01C037A3-1239-4281-810F-182F1042A6E5}.Release|Mixed Platforms.ActiveCfg = Release|Any CPU
		{01C037A3-1239-4281-810F-182F1042A6E5}.Release|Mixed Platforms.Build.0 = Release|Any CPU
		{01C037A3-1239-4281-810F-182F1042A6E5}.Release|x86.ActiveCfg = Release|Any CPU
		{01C037A3-1239-4281-810F-182F1042A6E5}.Release|x86.Build.0 = Release|Any CPU
		{6DAB6D67-B517-4923-A5C2-2686E12EED2B}.Debug|Any CPU.ActiveCfg = Debug|Any CPU
		{6DAB6D67-B517-4923-A5C2-2686E12EED2B}.Debug|Any CPU.Build.0 = Debug|Any CPU
		{6DAB6D67-B517-4923-A5C2-2686E12EED2B}.Debug|Mixed Platforms.ActiveCfg = Debug|Any CPU
		{6DAB6D67-B517-4923-A5C2-2686E12EED2B}.Debug|Mixed Platforms.Build.0 = Debug|Any CPU
		{6DAB6D67-B517-4923-A5C2-2686E12EED2B}.Debug|x86.ActiveCfg = Debug|Any CPU
		{6DAB6D67-B517-4923-A5C2-2686E12EED2B}.Debug|x86.Build.0 = Debug|Any CPU
		{6DAB6D67-B517-4923-A5C2-2686E12EED2B}.Release|Any CPU.ActiveCfg = Release|Any CPU
		{6DAB6D67-B517-4923-A5C2-2686E12EED2B}.Release|Any CPU.Build.0 = Release|Any CPU
		{6DAB6D67-B517-4923-A5C2-2686E12EED2B}.Release|Mixed Platforms.ActiveCfg = Release|Any CPU
		{6DAB6D67-B517-4923-A5C2-2686E12EED2B}.Release|Mixed Platforms.Build.0 = Release|Any CPU
		{6DAB6D67-B517-4923-A5C2-2686E12EED2B}.Release|x86.ActiveCfg = Release|Any CPU
		{6DAB6D67-B517-4923-A5C2-2686E12EED2B}.Release|x86.Build.0 = Release|Any CPU
		{1662D2DD-20E4-4201-991B-5CFFBBEF369A}.Debug|Any CPU.ActiveCfg = Debug|Any CPU
		{1662D2DD-20E4-4201-991B-5CFFBBEF369A}.Debug|Any CPU.Build.0 = Debug|Any CPU
		{1662D2DD-20E4-4201-991B-5CFFBBEF369A}.Debug|Mixed Platforms.ActiveCfg = Debug|Any CPU
		{1662D2DD-20E4-4201-991B-5CFFBBEF369A}.Debug|Mixed Platforms.Build.0 = Debug|Any CPU
		{1662D2DD-20E4-4201-991B-5CFFBBEF369A}.Debug|x86.ActiveCfg = Debug|Any CPU
		{1662D2DD-20E4-4201-991B-5CFFBBEF369A}.Debug|x86.Build.0 = Debug|Any CPU
		{1662D2DD-20E4-4201-991B-5CFFBBEF369A}.Release|Any CPU.ActiveCfg = Release|Any CPU
		{1662D2DD-20E4-4201-991B-5CFFBBEF369A}.Release|Any CPU.Build.0 = Release|Any CPU
		{1662D2DD-20E4-4201-991B-5CFFBBEF369A}.Release|Mixed Platforms.ActiveCfg = Release|Any CPU
		{1662D2DD-20E4-4201-991B-5CFFBBEF369A}.Release|Mixed Platforms.Build.0 = Release|Any CPU
		{1662D2DD-20E4-4201-991B-5CFFBBEF369A}.Release|x86.ActiveCfg = Release|Any CPU
		{1662D2DD-20E4-4201-991B-5CFFBBEF369A}.Release|x86.Build.0 = Release|Any CPU
		{6D4E7BBA-730A-4AAA-A9DA-39CCD0F4B587}.Debug|Any CPU.ActiveCfg = Debug|Any CPU
		{6D4E7BBA-730A-4AAA-A9DA-39CCD0F4B587}.Debug|Any CPU.Build.0 = Debug|Any CPU
		{6D4E7BBA-730A-4AAA-A9DA-39CCD0F4B587}.Debug|Mixed Platforms.ActiveCfg = Debug|Any CPU
		{6D4E7BBA-730A-4AAA-A9DA-39CCD0F4B587}.Debug|Mixed Platforms.Build.0 = Debug|Any CPU
		{6D4E7BBA-730A-4AAA-A9DA-39CCD0F4B587}.Debug|x86.ActiveCfg = Debug|Any CPU
		{6D4E7BBA-730A-4AAA-A9DA-39CCD0F4B587}.Debug|x86.Build.0 = Debug|Any CPU
		{6D4E7BBA-730A-4AAA-A9DA-39CCD0F4B587}.Release|Any CPU.ActiveCfg = Release|Any CPU
		{6D4E7BBA-730A-4AAA-A9DA-39CCD0F4B587}.Release|Any CPU.Build.0 = Release|Any CPU
		{6D4E7BBA-730A-4AAA-A9DA-39CCD0F4B587}.Release|Mixed Platforms.ActiveCfg = Release|Any CPU
		{6D4E7BBA-730A-4AAA-A9DA-39CCD0F4B587}.Release|Mixed Platforms.Build.0 = Release|Any CPU
		{6D4E7BBA-730A-4AAA-A9DA-39CCD0F4B587}.Release|x86.ActiveCfg = Release|Any CPU
		{6D4E7BBA-730A-4AAA-A9DA-39CCD0F4B587}.Release|x86.Build.0 = Release|Any CPU
		{6136E240-03DC-4034-BB5C-C15FF74712EC}.Debug|Any CPU.ActiveCfg = Debug|Any CPU
		{6136E240-03DC-4034-BB5C-C15FF74712EC}.Debug|Any CPU.Build.0 = Debug|Any CPU
		{6136E240-03DC-4034-BB5C-C15FF74712EC}.Debug|Mixed Platforms.ActiveCfg = Debug|Any CPU
		{6136E240-03DC-4034-BB5C-C15FF74712EC}.Debug|Mixed Platforms.Build.0 = Debug|Any CPU
		{6136E240-03DC-4034-BB5C-C15FF74712EC}.Debug|x86.ActiveCfg = Debug|Any CPU
		{6136E240-03DC-4034-BB5C-C15FF74712EC}.Debug|x86.Build.0 = Debug|Any CPU
		{6136E240-03DC-4034-BB5C-C15FF74712EC}.Release|Any CPU.ActiveCfg = Release|Any CPU
		{6136E240-03DC-4034-BB5C-C15FF74712EC}.Release|Any CPU.Build.0 = Release|Any CPU
		{6136E240-03DC-4034-BB5C-C15FF74712EC}.Release|Mixed Platforms.ActiveCfg = Release|Any CPU
		{6136E240-03DC-4034-BB5C-C15FF74712EC}.Release|Mixed Platforms.Build.0 = Release|Any CPU
		{6136E240-03DC-4034-BB5C-C15FF74712EC}.Release|x86.ActiveCfg = Release|Any CPU
		{6136E240-03DC-4034-BB5C-C15FF74712EC}.Release|x86.Build.0 = Release|Any CPU
		{323F142B-9809-440D-ADB1-1AC523F1E82C}.Debug|Any CPU.ActiveCfg = Debug|Any CPU
		{323F142B-9809-440D-ADB1-1AC523F1E82C}.Debug|Any CPU.Build.0 = Debug|Any CPU
		{323F142B-9809-440D-ADB1-1AC523F1E82C}.Debug|Mixed Platforms.ActiveCfg = Debug|Any CPU
		{323F142B-9809-440D-ADB1-1AC523F1E82C}.Debug|Mixed Platforms.Build.0 = Debug|Any CPU
		{323F142B-9809-440D-ADB1-1AC523F1E82C}.Debug|x86.ActiveCfg = Debug|Any CPU
		{323F142B-9809-440D-ADB1-1AC523F1E82C}.Debug|x86.Build.0 = Debug|Any CPU
		{323F142B-9809-440D-ADB1-1AC523F1E82C}.Release|Any CPU.ActiveCfg = Release|Any CPU
		{323F142B-9809-440D-ADB1-1AC523F1E82C}.Release|Any CPU.Build.0 = Release|Any CPU
		{323F142B-9809-440D-ADB1-1AC523F1E82C}.Release|Mixed Platforms.ActiveCfg = Release|Any CPU
		{323F142B-9809-440D-ADB1-1AC523F1E82C}.Release|Mixed Platforms.Build.0 = Release|Any CPU
		{323F142B-9809-440D-ADB1-1AC523F1E82C}.Release|x86.ActiveCfg = Release|Any CPU
		{323F142B-9809-440D-ADB1-1AC523F1E82C}.Release|x86.Build.0 = Release|Any CPU
		{F4C79914-7EB1-4B28-9EDE-4B4B254A5847}.Debug|Any CPU.ActiveCfg = Debug|Any CPU
		{F4C79914-7EB1-4B28-9EDE-4B4B254A5847}.Debug|Any CPU.Build.0 = Debug|Any CPU
		{F4C79914-7EB1-4B28-9EDE-4B4B254A5847}.Debug|Mixed Platforms.ActiveCfg = Debug|Any CPU
		{F4C79914-7EB1-4B28-9EDE-4B4B254A5847}.Debug|Mixed Platforms.Build.0 = Debug|Any CPU
		{F4C79914-7EB1-4B28-9EDE-4B4B254A5847}.Debug|x86.ActiveCfg = Debug|Any CPU
		{F4C79914-7EB1-4B28-9EDE-4B4B254A5847}.Debug|x86.Build.0 = Debug|Any CPU
		{F4C79914-7EB1-4B28-9EDE-4B4B254A5847}.Release|Any CPU.ActiveCfg = Release|Any CPU
		{F4C79914-7EB1-4B28-9EDE-4B4B254A5847}.Release|Any CPU.Build.0 = Release|Any CPU
		{F4C79914-7EB1-4B28-9EDE-4B4B254A5847}.Release|Mixed Platforms.ActiveCfg = Release|Any CPU
		{F4C79914-7EB1-4B28-9EDE-4B4B254A5847}.Release|Mixed Platforms.Build.0 = Release|Any CPU
		{F4C79914-7EB1-4B28-9EDE-4B4B254A5847}.Release|x86.ActiveCfg = Release|Any CPU
		{F4C79914-7EB1-4B28-9EDE-4B4B254A5847}.Release|x86.Build.0 = Release|Any CPU
		{E46EDED5-A491-4DE5-B80E-AE900A6F44EF}.Debug|Any CPU.ActiveCfg = Debug|Any CPU
		{E46EDED5-A491-4DE5-B80E-AE900A6F44EF}.Debug|Any CPU.Build.0 = Debug|Any CPU
		{E46EDED5-A491-4DE5-B80E-AE900A6F44EF}.Debug|Mixed Platforms.ActiveCfg = Debug|Any CPU
		{E46EDED5-A491-4DE5-B80E-AE900A6F44EF}.Debug|Mixed Platforms.Build.0 = Debug|Any CPU
		{E46EDED5-A491-4DE5-B80E-AE900A6F44EF}.Debug|x86.ActiveCfg = Debug|Any CPU
		{E46EDED5-A491-4DE5-B80E-AE900A6F44EF}.Debug|x86.Build.0 = Debug|Any CPU
		{E46EDED5-A491-4DE5-B80E-AE900A6F44EF}.Release|Any CPU.ActiveCfg = Release|Any CPU
		{E46EDED5-A491-4DE5-B80E-AE900A6F44EF}.Release|Any CPU.Build.0 = Release|Any CPU
		{E46EDED5-A491-4DE5-B80E-AE900A6F44EF}.Release|Mixed Platforms.ActiveCfg = Release|Any CPU
		{E46EDED5-A491-4DE5-B80E-AE900A6F44EF}.Release|Mixed Platforms.Build.0 = Release|Any CPU
		{E46EDED5-A491-4DE5-B80E-AE900A6F44EF}.Release|x86.ActiveCfg = Release|Any CPU
		{E46EDED5-A491-4DE5-B80E-AE900A6F44EF}.Release|x86.Build.0 = Release|Any CPU
		{3BE01E67-A7BF-433A-AB52-B0DEB592BDBB}.Debug|Any CPU.ActiveCfg = Debug|Any CPU
		{3BE01E67-A7BF-433A-AB52-B0DEB592BDBB}.Debug|Any CPU.Build.0 = Debug|Any CPU
		{3BE01E67-A7BF-433A-AB52-B0DEB592BDBB}.Debug|Mixed Platforms.ActiveCfg = Debug|Any CPU
		{3BE01E67-A7BF-433A-AB52-B0DEB592BDBB}.Debug|Mixed Platforms.Build.0 = Debug|Any CPU
		{3BE01E67-A7BF-433A-AB52-B0DEB592BDBB}.Debug|x86.ActiveCfg = Debug|Any CPU
		{3BE01E67-A7BF-433A-AB52-B0DEB592BDBB}.Debug|x86.Build.0 = Debug|Any CPU
		{3BE01E67-A7BF-433A-AB52-B0DEB592BDBB}.Release|Any CPU.ActiveCfg = Release|Any CPU
		{3BE01E67-A7BF-433A-AB52-B0DEB592BDBB}.Release|Any CPU.Build.0 = Release|Any CPU
		{3BE01E67-A7BF-433A-AB52-B0DEB592BDBB}.Release|Mixed Platforms.ActiveCfg = Release|Any CPU
		{3BE01E67-A7BF-433A-AB52-B0DEB592BDBB}.Release|Mixed Platforms.Build.0 = Release|Any CPU
		{3BE01E67-A7BF-433A-AB52-B0DEB592BDBB}.Release|x86.ActiveCfg = Release|Any CPU
		{3BE01E67-A7BF-433A-AB52-B0DEB592BDBB}.Release|x86.Build.0 = Release|Any CPU
		{12FBA693-A7D9-4D82-A50E-FCCD211218C8}.Debug|Any CPU.ActiveCfg = Debug|Any CPU
		{12FBA693-A7D9-4D82-A50E-FCCD211218C8}.Debug|Any CPU.Build.0 = Debug|Any CPU
		{12FBA693-A7D9-4D82-A50E-FCCD211218C8}.Debug|Mixed Platforms.ActiveCfg = Debug|Any CPU
		{12FBA693-A7D9-4D82-A50E-FCCD211218C8}.Debug|Mixed Platforms.Build.0 = Debug|Any CPU
		{12FBA693-A7D9-4D82-A50E-FCCD211218C8}.Debug|x86.ActiveCfg = Debug|Any CPU
		{12FBA693-A7D9-4D82-A50E-FCCD211218C8}.Debug|x86.Build.0 = Debug|Any CPU
		{12FBA693-A7D9-4D82-A50E-FCCD211218C8}.Release|Any CPU.ActiveCfg = Release|Any CPU
		{12FBA693-A7D9-4D82-A50E-FCCD211218C8}.Release|Any CPU.Build.0 = Release|Any CPU
		{12FBA693-A7D9-4D82-A50E-FCCD211218C8}.Release|Mixed Platforms.ActiveCfg = Release|Any CPU
		{12FBA693-A7D9-4D82-A50E-FCCD211218C8}.Release|Mixed Platforms.Build.0 = Release|Any CPU
		{12FBA693-A7D9-4D82-A50E-FCCD211218C8}.Release|x86.ActiveCfg = Release|Any CPU
		{12FBA693-A7D9-4D82-A50E-FCCD211218C8}.Release|x86.Build.0 = Release|Any CPU
		{1869125B-0415-4F23-A004-49DE8140A5F4}.Debug|Any CPU.ActiveCfg = Debug|Any CPU
		{1869125B-0415-4F23-A004-49DE8140A5F4}.Debug|Any CPU.Build.0 = Debug|Any CPU
		{1869125B-0415-4F23-A004-49DE8140A5F4}.Debug|Mixed Platforms.ActiveCfg = Debug|Any CPU
		{1869125B-0415-4F23-A004-49DE8140A5F4}.Debug|Mixed Platforms.Build.0 = Debug|Any CPU
		{1869125B-0415-4F23-A004-49DE8140A5F4}.Debug|x86.ActiveCfg = Debug|Any CPU
		{1869125B-0415-4F23-A004-49DE8140A5F4}.Debug|x86.Build.0 = Debug|Any CPU
		{1869125B-0415-4F23-A004-49DE8140A5F4}.Release|Any CPU.ActiveCfg = Release|Any CPU
		{1869125B-0415-4F23-A004-49DE8140A5F4}.Release|Any CPU.Build.0 = Release|Any CPU
		{1869125B-0415-4F23-A004-49DE8140A5F4}.Release|Mixed Platforms.ActiveCfg = Release|Any CPU
		{1869125B-0415-4F23-A004-49DE8140A5F4}.Release|Mixed Platforms.Build.0 = Release|Any CPU
		{1869125B-0415-4F23-A004-49DE8140A5F4}.Release|x86.ActiveCfg = Release|Any CPU
		{1869125B-0415-4F23-A004-49DE8140A5F4}.Release|x86.Build.0 = Release|Any CPU
		{07F0C780-D74D-4B9C-9155-96938FCD5257}.Debug|Any CPU.ActiveCfg = Debug|Any CPU
		{07F0C780-D74D-4B9C-9155-96938FCD5257}.Debug|Any CPU.Build.0 = Debug|Any CPU
		{07F0C780-D74D-4B9C-9155-96938FCD5257}.Debug|Mixed Platforms.ActiveCfg = Debug|Any CPU
		{07F0C780-D74D-4B9C-9155-96938FCD5257}.Debug|Mixed Platforms.Build.0 = Debug|Any CPU
		{07F0C780-D74D-4B9C-9155-96938FCD5257}.Debug|x86.ActiveCfg = Debug|Any CPU
		{07F0C780-D74D-4B9C-9155-96938FCD5257}.Debug|x86.Build.0 = Debug|Any CPU
		{07F0C780-D74D-4B9C-9155-96938FCD5257}.Release|Any CPU.ActiveCfg = Release|Any CPU
		{07F0C780-D74D-4B9C-9155-96938FCD5257}.Release|Any CPU.Build.0 = Release|Any CPU
		{07F0C780-D74D-4B9C-9155-96938FCD5257}.Release|Mixed Platforms.ActiveCfg = Release|Any CPU
		{07F0C780-D74D-4B9C-9155-96938FCD5257}.Release|Mixed Platforms.Build.0 = Release|Any CPU
		{07F0C780-D74D-4B9C-9155-96938FCD5257}.Release|x86.ActiveCfg = Release|Any CPU
		{07F0C780-D74D-4B9C-9155-96938FCD5257}.Release|x86.Build.0 = Release|Any CPU
		{A3A045E3-12DE-4C7B-A15D-602A25AC5F8A}.Debug|Any CPU.ActiveCfg = Debug|Any CPU
		{A3A045E3-12DE-4C7B-A15D-602A25AC5F8A}.Debug|Any CPU.Build.0 = Debug|Any CPU
		{A3A045E3-12DE-4C7B-A15D-602A25AC5F8A}.Debug|Mixed Platforms.ActiveCfg = Debug|Any CPU
		{A3A045E3-12DE-4C7B-A15D-602A25AC5F8A}.Debug|Mixed Platforms.Build.0 = Debug|Any CPU
		{A3A045E3-12DE-4C7B-A15D-602A25AC5F8A}.Debug|x86.ActiveCfg = Debug|Any CPU
		{A3A045E3-12DE-4C7B-A15D-602A25AC5F8A}.Debug|x86.Build.0 = Debug|Any CPU
		{A3A045E3-12DE-4C7B-A15D-602A25AC5F8A}.Release|Any CPU.ActiveCfg = Release|Any CPU
		{A3A045E3-12DE-4C7B-A15D-602A25AC5F8A}.Release|Any CPU.Build.0 = Release|Any CPU
		{A3A045E3-12DE-4C7B-A15D-602A25AC5F8A}.Release|Mixed Platforms.ActiveCfg = Release|Any CPU
		{A3A045E3-12DE-4C7B-A15D-602A25AC5F8A}.Release|Mixed Platforms.Build.0 = Release|Any CPU
		{A3A045E3-12DE-4C7B-A15D-602A25AC5F8A}.Release|x86.ActiveCfg = Release|Any CPU
		{A3A045E3-12DE-4C7B-A15D-602A25AC5F8A}.Release|x86.Build.0 = Release|Any CPU
		{181A78C0-AAF1-4588-B533-A9C6F78E4D73}.Debug|Any CPU.ActiveCfg = Debug|Any CPU
		{181A78C0-AAF1-4588-B533-A9C6F78E4D73}.Debug|Any CPU.Build.0 = Debug|Any CPU
		{181A78C0-AAF1-4588-B533-A9C6F78E4D73}.Debug|Mixed Platforms.ActiveCfg = Debug|Any CPU
		{181A78C0-AAF1-4588-B533-A9C6F78E4D73}.Debug|Mixed Platforms.Build.0 = Debug|Any CPU
		{181A78C0-AAF1-4588-B533-A9C6F78E4D73}.Debug|x86.ActiveCfg = Debug|Any CPU
		{181A78C0-AAF1-4588-B533-A9C6F78E4D73}.Debug|x86.Build.0 = Debug|Any CPU
		{181A78C0-AAF1-4588-B533-A9C6F78E4D73}.Release|Any CPU.ActiveCfg = Release|Any CPU
		{181A78C0-AAF1-4588-B533-A9C6F78E4D73}.Release|Any CPU.Build.0 = Release|Any CPU
		{181A78C0-AAF1-4588-B533-A9C6F78E4D73}.Release|Mixed Platforms.ActiveCfg = Release|Any CPU
		{181A78C0-AAF1-4588-B533-A9C6F78E4D73}.Release|Mixed Platforms.Build.0 = Release|Any CPU
		{181A78C0-AAF1-4588-B533-A9C6F78E4D73}.Release|x86.ActiveCfg = Release|Any CPU
		{181A78C0-AAF1-4588-B533-A9C6F78E4D73}.Release|x86.Build.0 = Release|Any CPU
		{97BE6F1A-9979-4DAF-828B-610B4BE4B80E}.Debug|Any CPU.ActiveCfg = Debug|Any CPU
		{97BE6F1A-9979-4DAF-828B-610B4BE4B80E}.Debug|Any CPU.Build.0 = Debug|Any CPU
		{97BE6F1A-9979-4DAF-828B-610B4BE4B80E}.Debug|Mixed Platforms.ActiveCfg = Debug|Any CPU
		{97BE6F1A-9979-4DAF-828B-610B4BE4B80E}.Debug|Mixed Platforms.Build.0 = Debug|Any CPU
		{97BE6F1A-9979-4DAF-828B-610B4BE4B80E}.Debug|x86.ActiveCfg = Debug|Any CPU
		{97BE6F1A-9979-4DAF-828B-610B4BE4B80E}.Debug|x86.Build.0 = Debug|Any CPU
		{97BE6F1A-9979-4DAF-828B-610B4BE4B80E}.Release|Any CPU.ActiveCfg = Release|Any CPU
		{97BE6F1A-9979-4DAF-828B-610B4BE4B80E}.Release|Any CPU.Build.0 = Release|Any CPU
		{97BE6F1A-9979-4DAF-828B-610B4BE4B80E}.Release|Mixed Platforms.ActiveCfg = Release|Any CPU
		{97BE6F1A-9979-4DAF-828B-610B4BE4B80E}.Release|Mixed Platforms.Build.0 = Release|Any CPU
		{97BE6F1A-9979-4DAF-828B-610B4BE4B80E}.Release|x86.ActiveCfg = Release|Any CPU
		{97BE6F1A-9979-4DAF-828B-610B4BE4B80E}.Release|x86.Build.0 = Release|Any CPU
		{C8141808-6336-46F7-B7A4-60D0767A3611}.Debug|Any CPU.ActiveCfg = Debug|Any CPU
		{C8141808-6336-46F7-B7A4-60D0767A3611}.Debug|Any CPU.Build.0 = Debug|Any CPU
		{C8141808-6336-46F7-B7A4-60D0767A3611}.Debug|Mixed Platforms.ActiveCfg = Debug|Any CPU
		{C8141808-6336-46F7-B7A4-60D0767A3611}.Debug|Mixed Platforms.Build.0 = Debug|Any CPU
		{C8141808-6336-46F7-B7A4-60D0767A3611}.Debug|x86.ActiveCfg = Debug|Any CPU
		{C8141808-6336-46F7-B7A4-60D0767A3611}.Debug|x86.Build.0 = Debug|Any CPU
		{C8141808-6336-46F7-B7A4-60D0767A3611}.Release|Any CPU.ActiveCfg = Release|Any CPU
		{C8141808-6336-46F7-B7A4-60D0767A3611}.Release|Any CPU.Build.0 = Release|Any CPU
		{C8141808-6336-46F7-B7A4-60D0767A3611}.Release|Mixed Platforms.ActiveCfg = Release|Any CPU
		{C8141808-6336-46F7-B7A4-60D0767A3611}.Release|Mixed Platforms.Build.0 = Release|Any CPU
		{C8141808-6336-46F7-B7A4-60D0767A3611}.Release|x86.ActiveCfg = Release|Any CPU
		{C8141808-6336-46F7-B7A4-60D0767A3611}.Release|x86.Build.0 = Release|Any CPU
		{F0A9D072-AA2A-4458-B8B4-8264A1E6EB67}.Debug|Any CPU.ActiveCfg = Debug|Any CPU
		{F0A9D072-AA2A-4458-B8B4-8264A1E6EB67}.Debug|Any CPU.Build.0 = Debug|Any CPU
		{F0A9D072-AA2A-4458-B8B4-8264A1E6EB67}.Debug|Mixed Platforms.ActiveCfg = Debug|Any CPU
		{F0A9D072-AA2A-4458-B8B4-8264A1E6EB67}.Debug|Mixed Platforms.Build.0 = Debug|Any CPU
		{F0A9D072-AA2A-4458-B8B4-8264A1E6EB67}.Debug|x86.ActiveCfg = Debug|Any CPU
		{F0A9D072-AA2A-4458-B8B4-8264A1E6EB67}.Debug|x86.Build.0 = Debug|Any CPU
		{F0A9D072-AA2A-4458-B8B4-8264A1E6EB67}.Release|Any CPU.ActiveCfg = Release|Any CPU
		{F0A9D072-AA2A-4458-B8B4-8264A1E6EB67}.Release|Any CPU.Build.0 = Release|Any CPU
		{F0A9D072-AA2A-4458-B8B4-8264A1E6EB67}.Release|Mixed Platforms.ActiveCfg = Release|Any CPU
		{F0A9D072-AA2A-4458-B8B4-8264A1E6EB67}.Release|Mixed Platforms.Build.0 = Release|Any CPU
		{F0A9D072-AA2A-4458-B8B4-8264A1E6EB67}.Release|x86.ActiveCfg = Release|Any CPU
		{F0A9D072-AA2A-4458-B8B4-8264A1E6EB67}.Release|x86.Build.0 = Release|Any CPU
		{DF51D22E-11B4-48E2-BCAD-0CEA5F1BA0DE}.Debug|Any CPU.ActiveCfg = Debug|Any CPU
		{DF51D22E-11B4-48E2-BCAD-0CEA5F1BA0DE}.Debug|Any CPU.Build.0 = Debug|Any CPU
		{DF51D22E-11B4-48E2-BCAD-0CEA5F1BA0DE}.Debug|Mixed Platforms.ActiveCfg = Debug|Any CPU
		{DF51D22E-11B4-48E2-BCAD-0CEA5F1BA0DE}.Debug|Mixed Platforms.Build.0 = Debug|Any CPU
		{DF51D22E-11B4-48E2-BCAD-0CEA5F1BA0DE}.Debug|x86.ActiveCfg = Debug|Any CPU
		{DF51D22E-11B4-48E2-BCAD-0CEA5F1BA0DE}.Debug|x86.Build.0 = Debug|Any CPU
		{DF51D22E-11B4-48E2-BCAD-0CEA5F1BA0DE}.Release|Any CPU.ActiveCfg = Release|Any CPU
		{DF51D22E-11B4-48E2-BCAD-0CEA5F1BA0DE}.Release|Any CPU.Build.0 = Release|Any CPU
		{DF51D22E-11B4-48E2-BCAD-0CEA5F1BA0DE}.Release|Mixed Platforms.ActiveCfg = Release|Any CPU
		{DF51D22E-11B4-48E2-BCAD-0CEA5F1BA0DE}.Release|Mixed Platforms.Build.0 = Release|Any CPU
		{DF51D22E-11B4-48E2-BCAD-0CEA5F1BA0DE}.Release|x86.ActiveCfg = Release|Any CPU
		{DF51D22E-11B4-48E2-BCAD-0CEA5F1BA0DE}.Release|x86.Build.0 = Release|Any CPU
		{015A8E9C-2EB3-4D16-AD32-7C408D3E6C19}.Debug|Any CPU.ActiveCfg = Debug|Any CPU
		{015A8E9C-2EB3-4D16-AD32-7C408D3E6C19}.Debug|Any CPU.Build.0 = Debug|Any CPU
		{015A8E9C-2EB3-4D16-AD32-7C408D3E6C19}.Debug|Mixed Platforms.ActiveCfg = Debug|Any CPU
		{015A8E9C-2EB3-4D16-AD32-7C408D3E6C19}.Debug|Mixed Platforms.Build.0 = Debug|Any CPU
		{015A8E9C-2EB3-4D16-AD32-7C408D3E6C19}.Debug|x86.ActiveCfg = Debug|Any CPU
		{015A8E9C-2EB3-4D16-AD32-7C408D3E6C19}.Debug|x86.Build.0 = Debug|Any CPU
		{015A8E9C-2EB3-4D16-AD32-7C408D3E6C19}.Release|Any CPU.ActiveCfg = Release|Any CPU
		{015A8E9C-2EB3-4D16-AD32-7C408D3E6C19}.Release|Any CPU.Build.0 = Release|Any CPU
		{015A8E9C-2EB3-4D16-AD32-7C408D3E6C19}.Release|Mixed Platforms.ActiveCfg = Release|Any CPU
		{015A8E9C-2EB3-4D16-AD32-7C408D3E6C19}.Release|Mixed Platforms.Build.0 = Release|Any CPU
		{015A8E9C-2EB3-4D16-AD32-7C408D3E6C19}.Release|x86.ActiveCfg = Release|Any CPU
		{015A8E9C-2EB3-4D16-AD32-7C408D3E6C19}.Release|x86.Build.0 = Release|Any CPU
		{D4FC8503-007A-4AFA-B8EA-7810706D9DA7}.Debug|Any CPU.ActiveCfg = Debug|Any CPU
		{D4FC8503-007A-4AFA-B8EA-7810706D9DA7}.Debug|Any CPU.Build.0 = Debug|Any CPU
		{D4FC8503-007A-4AFA-B8EA-7810706D9DA7}.Debug|Mixed Platforms.ActiveCfg = Debug|Any CPU
		{D4FC8503-007A-4AFA-B8EA-7810706D9DA7}.Debug|Mixed Platforms.Build.0 = Debug|Any CPU
		{D4FC8503-007A-4AFA-B8EA-7810706D9DA7}.Debug|x86.ActiveCfg = Debug|Any CPU
		{D4FC8503-007A-4AFA-B8EA-7810706D9DA7}.Debug|x86.Build.0 = Debug|Any CPU
		{D4FC8503-007A-4AFA-B8EA-7810706D9DA7}.Release|Any CPU.ActiveCfg = Release|Any CPU
		{D4FC8503-007A-4AFA-B8EA-7810706D9DA7}.Release|Any CPU.Build.0 = Release|Any CPU
		{D4FC8503-007A-4AFA-B8EA-7810706D9DA7}.Release|Mixed Platforms.ActiveCfg = Release|Any CPU
		{D4FC8503-007A-4AFA-B8EA-7810706D9DA7}.Release|Mixed Platforms.Build.0 = Release|Any CPU
		{D4FC8503-007A-4AFA-B8EA-7810706D9DA7}.Release|x86.ActiveCfg = Release|Any CPU
		{D4FC8503-007A-4AFA-B8EA-7810706D9DA7}.Release|x86.Build.0 = Release|Any CPU
		{F3595F33-EE7D-4B72-BA4F-203008CAD532}.Debug|Any CPU.ActiveCfg = Debug|Any CPU
		{F3595F33-EE7D-4B72-BA4F-203008CAD532}.Debug|Any CPU.Build.0 = Debug|Any CPU
		{F3595F33-EE7D-4B72-BA4F-203008CAD532}.Debug|Mixed Platforms.ActiveCfg = Debug|Any CPU
		{F3595F33-EE7D-4B72-BA4F-203008CAD532}.Debug|Mixed Platforms.Build.0 = Debug|Any CPU
		{F3595F33-EE7D-4B72-BA4F-203008CAD532}.Debug|x86.ActiveCfg = Debug|Any CPU
		{F3595F33-EE7D-4B72-BA4F-203008CAD532}.Debug|x86.Build.0 = Debug|Any CPU
		{F3595F33-EE7D-4B72-BA4F-203008CAD532}.Release|Any CPU.ActiveCfg = Release|Any CPU
		{F3595F33-EE7D-4B72-BA4F-203008CAD532}.Release|Any CPU.Build.0 = Release|Any CPU
		{F3595F33-EE7D-4B72-BA4F-203008CAD532}.Release|Mixed Platforms.ActiveCfg = Release|Any CPU
		{F3595F33-EE7D-4B72-BA4F-203008CAD532}.Release|Mixed Platforms.Build.0 = Release|Any CPU
		{F3595F33-EE7D-4B72-BA4F-203008CAD532}.Release|x86.ActiveCfg = Release|Any CPU
		{F3595F33-EE7D-4B72-BA4F-203008CAD532}.Release|x86.Build.0 = Release|Any CPU
		{37B51F0F-79E6-49A0-B5A9-F1E1902D1767}.Debug|Any CPU.ActiveCfg = Debug|Any CPU
		{37B51F0F-79E6-49A0-B5A9-F1E1902D1767}.Debug|Any CPU.Build.0 = Debug|Any CPU
		{37B51F0F-79E6-49A0-B5A9-F1E1902D1767}.Debug|Mixed Platforms.ActiveCfg = Debug|Any CPU
		{37B51F0F-79E6-49A0-B5A9-F1E1902D1767}.Debug|Mixed Platforms.Build.0 = Debug|Any CPU
		{37B51F0F-79E6-49A0-B5A9-F1E1902D1767}.Debug|x86.ActiveCfg = Debug|Any CPU
		{37B51F0F-79E6-49A0-B5A9-F1E1902D1767}.Debug|x86.Build.0 = Debug|Any CPU
		{37B51F0F-79E6-49A0-B5A9-F1E1902D1767}.Release|Any CPU.ActiveCfg = Release|Any CPU
		{37B51F0F-79E6-49A0-B5A9-F1E1902D1767}.Release|Any CPU.Build.0 = Release|Any CPU
		{37B51F0F-79E6-49A0-B5A9-F1E1902D1767}.Release|Mixed Platforms.ActiveCfg = Release|Any CPU
		{37B51F0F-79E6-49A0-B5A9-F1E1902D1767}.Release|Mixed Platforms.Build.0 = Release|Any CPU
		{37B51F0F-79E6-49A0-B5A9-F1E1902D1767}.Release|x86.ActiveCfg = Release|Any CPU
		{37B51F0F-79E6-49A0-B5A9-F1E1902D1767}.Release|x86.Build.0 = Release|Any CPU
		{DB1243E3-7F19-446C-937F-04FFD4D766EE}.Debug|Any CPU.ActiveCfg = Debug|Any CPU
		{DB1243E3-7F19-446C-937F-04FFD4D766EE}.Debug|Any CPU.Build.0 = Debug|Any CPU
		{DB1243E3-7F19-446C-937F-04FFD4D766EE}.Debug|Mixed Platforms.ActiveCfg = Debug|Any CPU
		{DB1243E3-7F19-446C-937F-04FFD4D766EE}.Debug|Mixed Platforms.Build.0 = Debug|Any CPU
		{DB1243E3-7F19-446C-937F-04FFD4D766EE}.Debug|x86.ActiveCfg = Debug|Any CPU
		{DB1243E3-7F19-446C-937F-04FFD4D766EE}.Debug|x86.Build.0 = Debug|Any CPU
		{DB1243E3-7F19-446C-937F-04FFD4D766EE}.Release|Any CPU.ActiveCfg = Release|Any CPU
		{DB1243E3-7F19-446C-937F-04FFD4D766EE}.Release|Any CPU.Build.0 = Release|Any CPU
		{DB1243E3-7F19-446C-937F-04FFD4D766EE}.Release|Mixed Platforms.ActiveCfg = Release|Any CPU
		{DB1243E3-7F19-446C-937F-04FFD4D766EE}.Release|Mixed Platforms.Build.0 = Release|Any CPU
		{DB1243E3-7F19-446C-937F-04FFD4D766EE}.Release|x86.ActiveCfg = Release|Any CPU
		{DB1243E3-7F19-446C-937F-04FFD4D766EE}.Release|x86.Build.0 = Release|Any CPU
		{0EF74E75-C2F4-4C22-8799-A357BE4FED14}.Debug|Any CPU.ActiveCfg = Debug|Any CPU
		{0EF74E75-C2F4-4C22-8799-A357BE4FED14}.Debug|Any CPU.Build.0 = Debug|Any CPU
		{0EF74E75-C2F4-4C22-8799-A357BE4FED14}.Debug|Mixed Platforms.ActiveCfg = Debug|Any CPU
		{0EF74E75-C2F4-4C22-8799-A357BE4FED14}.Debug|Mixed Platforms.Build.0 = Debug|Any CPU
		{0EF74E75-C2F4-4C22-8799-A357BE4FED14}.Debug|x86.ActiveCfg = Debug|Any CPU
		{0EF74E75-C2F4-4C22-8799-A357BE4FED14}.Debug|x86.Build.0 = Debug|Any CPU
		{0EF74E75-C2F4-4C22-8799-A357BE4FED14}.Release|Any CPU.ActiveCfg = Release|Any CPU
		{0EF74E75-C2F4-4C22-8799-A357BE4FED14}.Release|Any CPU.Build.0 = Release|Any CPU
		{0EF74E75-C2F4-4C22-8799-A357BE4FED14}.Release|Mixed Platforms.ActiveCfg = Release|Any CPU
		{0EF74E75-C2F4-4C22-8799-A357BE4FED14}.Release|Mixed Platforms.Build.0 = Release|Any CPU
		{0EF74E75-C2F4-4C22-8799-A357BE4FED14}.Release|x86.ActiveCfg = Release|Any CPU
		{0EF74E75-C2F4-4C22-8799-A357BE4FED14}.Release|x86.Build.0 = Release|Any CPU
		{36BA172E-4F46-4079-9397-8BCC6BB2D025}.Debug|Any CPU.ActiveCfg = Debug|Any CPU
		{36BA172E-4F46-4079-9397-8BCC6BB2D025}.Debug|Any CPU.Build.0 = Debug|Any CPU
		{36BA172E-4F46-4079-9397-8BCC6BB2D025}.Debug|Mixed Platforms.ActiveCfg = Debug|Any CPU
		{36BA172E-4F46-4079-9397-8BCC6BB2D025}.Debug|Mixed Platforms.Build.0 = Debug|Any CPU
		{36BA172E-4F46-4079-9397-8BCC6BB2D025}.Debug|x86.ActiveCfg = Debug|Any CPU
		{36BA172E-4F46-4079-9397-8BCC6BB2D025}.Debug|x86.Build.0 = Debug|Any CPU
		{36BA172E-4F46-4079-9397-8BCC6BB2D025}.Release|Any CPU.ActiveCfg = Release|Any CPU
		{36BA172E-4F46-4079-9397-8BCC6BB2D025}.Release|Any CPU.Build.0 = Release|Any CPU
		{36BA172E-4F46-4079-9397-8BCC6BB2D025}.Release|Mixed Platforms.ActiveCfg = Release|Any CPU
		{36BA172E-4F46-4079-9397-8BCC6BB2D025}.Release|Mixed Platforms.Build.0 = Release|Any CPU
		{36BA172E-4F46-4079-9397-8BCC6BB2D025}.Release|x86.ActiveCfg = Release|Any CPU
		{36BA172E-4F46-4079-9397-8BCC6BB2D025}.Release|x86.Build.0 = Release|Any CPU
		{EA6FCD2E-C140-4DD3-B7CF-B467C8E511C8}.Debug|Any CPU.ActiveCfg = Debug|Any CPU
		{EA6FCD2E-C140-4DD3-B7CF-B467C8E511C8}.Debug|Any CPU.Build.0 = Debug|Any CPU
		{EA6FCD2E-C140-4DD3-B7CF-B467C8E511C8}.Debug|Mixed Platforms.ActiveCfg = Debug|Any CPU
		{EA6FCD2E-C140-4DD3-B7CF-B467C8E511C8}.Debug|Mixed Platforms.Build.0 = Debug|Any CPU
		{EA6FCD2E-C140-4DD3-B7CF-B467C8E511C8}.Debug|x86.ActiveCfg = Debug|Any CPU
		{EA6FCD2E-C140-4DD3-B7CF-B467C8E511C8}.Debug|x86.Build.0 = Debug|Any CPU
		{EA6FCD2E-C140-4DD3-B7CF-B467C8E511C8}.Release|Any CPU.ActiveCfg = Release|Any CPU
		{EA6FCD2E-C140-4DD3-B7CF-B467C8E511C8}.Release|Any CPU.Build.0 = Release|Any CPU
		{EA6FCD2E-C140-4DD3-B7CF-B467C8E511C8}.Release|Mixed Platforms.ActiveCfg = Release|Any CPU
		{EA6FCD2E-C140-4DD3-B7CF-B467C8E511C8}.Release|Mixed Platforms.Build.0 = Release|Any CPU
		{EA6FCD2E-C140-4DD3-B7CF-B467C8E511C8}.Release|x86.ActiveCfg = Release|Any CPU
		{EA6FCD2E-C140-4DD3-B7CF-B467C8E511C8}.Release|x86.Build.0 = Release|Any CPU
	EndGlobalSection
	GlobalSection(SolutionProperties) = preSolution
		HideSolutionNode = FALSE
	EndGlobalSection
	GlobalSection(NestedProjects) = preSolution
		{4F1F649C-1020-45BE-A487-F416D9297FF3} = {B09156FB-8291-46A2-AF37-67CE97CFB5A6}
		{6BDA8332-939F-45B7-A25E-7A797260AE59} = {E4ACA93B-D3DE-4557-B069-F1DB42925A4B}
		{CCD7F2C9-6A2C-4CF0-8E89-076B8FC0F144} = {E4ACA93B-D3DE-4557-B069-F1DB42925A4B}
		{210541AD-F659-47DA-8763-16F36C5CD2F4} = {E4ACA93B-D3DE-4557-B069-F1DB42925A4B}
		{5DCBE5B1-1A02-48E7-9853-5FCEF2A36805} = {A340B280-C12B-47E7-90B7-89C650F8AAFC}
		{7A9BDC6A-F880-43D5-9B2A-59C1674CE449} = {A340B280-C12B-47E7-90B7-89C650F8AAFC}
		{1D9EB579-3630-468A-BE94-49E7DF4F6E1D} = {A340B280-C12B-47E7-90B7-89C650F8AAFC}
		{57718244-1B22-4637-9DBF-F5D8E460FC95} = {A340B280-C12B-47E7-90B7-89C650F8AAFC}
		{9A7B9344-6AD0-4828-876D-0BF14C177148} = {7881B112-7843-4542-B1F7-F99553FB9BB7}
		{75FD4163-333C-4DD5-854D-2EF294E45D94} = {B09156FB-8291-46A2-AF37-67CE97CFB5A6}
		{98CA7487-6ADE-4773-BD0A-29255F443236} = {7881B112-7843-4542-B1F7-F99553FB9BB7}
		{5422ED35-2808-4790-B5E6-C86A383B2874} = {7881B112-7843-4542-B1F7-F99553FB9BB7}
		{5979DBFD-8471-4DF5-A0FD-96F6768205AA} = {7881B112-7843-4542-B1F7-F99553FB9BB7}
		{C2B83AF5-80F6-4B8C-8628-FA7DE10C3BB5} = {7881B112-7843-4542-B1F7-F99553FB9BB7}
		{446FED73-BCA1-4D8F-BC13-EA1507C7EF29} = {7881B112-7843-4542-B1F7-F99553FB9BB7}
		{9978B382-0BCD-4621-B6B5-52E0E3B5F464} = {7881B112-7843-4542-B1F7-F99553FB9BB7}
		{6DF00C56-EC49-4AB8-8B29-404E3694026C} = {7881B112-7843-4542-B1F7-F99553FB9BB7}
		{06C88D0B-A276-4D3D-8BE5-7C58BF3072E3} = {7881B112-7843-4542-B1F7-F99553FB9BB7}
		{560768D4-7E1D-4431-99F0-CC14C255E167} = {7881B112-7843-4542-B1F7-F99553FB9BB7}
		{493761CB-5190-4283-8C6C-A8CEB5450CAB} = {7881B112-7843-4542-B1F7-F99553FB9BB7}
		{4C0C889A-A3B2-43FA-824A-F529402C1BBF} = {7881B112-7843-4542-B1F7-F99553FB9BB7}
		{7B08DACB-8E11-416D-9DDF-B0EEF847A8ED} = {7881B112-7843-4542-B1F7-F99553FB9BB7}
		{2426B75D-23D4-41EF-8924-47650C8A18C7} = {7881B112-7843-4542-B1F7-F99553FB9BB7}
		{83F05E8D-2D6C-41FC-A95C-9621ED358615} = {7881B112-7843-4542-B1F7-F99553FB9BB7}
		{FAC5F9D0-2C2B-4296-B079-E723EA8A320C} = {7881B112-7843-4542-B1F7-F99553FB9BB7}
		{87013DC8-D032-465B-A950-753E4EB15502} = {7881B112-7843-4542-B1F7-F99553FB9BB7}
		{FDA71DC9-087D-4A20-93F7-E9B016EFF792} = {7881B112-7843-4542-B1F7-F99553FB9BB7}
		{D0614E07-4E8B-4831-A719-6F25FC3B899E} = {7881B112-7843-4542-B1F7-F99553FB9BB7}
		{01C037A3-1239-4281-810F-182F1042A6E5} = {7881B112-7843-4542-B1F7-F99553FB9BB7}
		{6DAB6D67-B517-4923-A5C2-2686E12EED2B} = {7881B112-7843-4542-B1F7-F99553FB9BB7}
		{1662D2DD-20E4-4201-991B-5CFFBBEF369A} = {7881B112-7843-4542-B1F7-F99553FB9BB7}
		{6D4E7BBA-730A-4AAA-A9DA-39CCD0F4B587} = {7881B112-7843-4542-B1F7-F99553FB9BB7}
		{6136E240-03DC-4034-BB5C-C15FF74712EC} = {7881B112-7843-4542-B1F7-F99553FB9BB7}
		{323F142B-9809-440D-ADB1-1AC523F1E82C} = {7881B112-7843-4542-B1F7-F99553FB9BB7}
		{F4C79914-7EB1-4B28-9EDE-4B4B254A5847} = {7881B112-7843-4542-B1F7-F99553FB9BB7}
		{E46EDED5-A491-4DE5-B80E-AE900A6F44EF} = {7881B112-7843-4542-B1F7-F99553FB9BB7}
		{3BE01E67-A7BF-433A-AB52-B0DEB592BDBB} = {7881B112-7843-4542-B1F7-F99553FB9BB7}
		{12FBA693-A7D9-4D82-A50E-FCCD211218C8} = {7881B112-7843-4542-B1F7-F99553FB9BB7}
		{1869125B-0415-4F23-A004-49DE8140A5F4} = {7881B112-7843-4542-B1F7-F99553FB9BB7}
		{07F0C780-D74D-4B9C-9155-96938FCD5257} = {7881B112-7843-4542-B1F7-F99553FB9BB7}
		{A3A045E3-12DE-4C7B-A15D-602A25AC5F8A} = {7881B112-7843-4542-B1F7-F99553FB9BB7}
		{181A78C0-AAF1-4588-B533-A9C6F78E4D73} = {7881B112-7843-4542-B1F7-F99553FB9BB7}
		{97BE6F1A-9979-4DAF-828B-610B4BE4B80E} = {7881B112-7843-4542-B1F7-F99553FB9BB7}
		{C8141808-6336-46F7-B7A4-60D0767A3611} = {7881B112-7843-4542-B1F7-F99553FB9BB7}
		{F0A9D072-AA2A-4458-B8B4-8264A1E6EB67} = {7881B112-7843-4542-B1F7-F99553FB9BB7}
		{DF51D22E-11B4-48E2-BCAD-0CEA5F1BA0DE} = {7881B112-7843-4542-B1F7-F99553FB9BB7}
		{015A8E9C-2EB3-4D16-AD32-7C408D3E6C19} = {7881B112-7843-4542-B1F7-F99553FB9BB7}
		{D4FC8503-007A-4AFA-B8EA-7810706D9DA7} = {7881B112-7843-4542-B1F7-F99553FB9BB7}
		{F3595F33-EE7D-4B72-BA4F-203008CAD532} = {7881B112-7843-4542-B1F7-F99553FB9BB7}
		{37B51F0F-79E6-49A0-B5A9-F1E1902D1767} = {7881B112-7843-4542-B1F7-F99553FB9BB7}
		{DB1243E3-7F19-446C-937F-04FFD4D766EE} = {7881B112-7843-4542-B1F7-F99553FB9BB7}
		{0EF74E75-C2F4-4C22-8799-A357BE4FED14} = {7881B112-7843-4542-B1F7-F99553FB9BB7}
		{36BA172E-4F46-4079-9397-8BCC6BB2D025} = {7881B112-7843-4542-B1F7-F99553FB9BB7}
		{EA6FCD2E-C140-4DD3-B7CF-B467C8E511C8} = {7881B112-7843-4542-B1F7-F99553FB9BB7}
	EndGlobalSection
	GlobalSection(ExtensibilityGlobals) = postSolution
		SolutionGuid = {EE72A8B2-332A-4175-9319-6726D36E9D25}
	EndGlobalSection
	GlobalSection(NDepend) = preSolution
		Project = ".\NopCommerce.ndproj"
	EndGlobalSection
	GlobalSection(NDepend) = preSolution
		Project = ".\NopCommerce.ndproj"
	EndGlobalSection
EndGlobal
